
Microsoft Visual Studio Solution File, Format Version 12.00
# Visual Studio 14
VisualStudioVersion = 14.0.25420.1
MinimumVisualStudioVersion = 10.0.40219.1
Project("{FAE04EC0-301F-11D3-BF4B-00C04F79EFBC}") = "Phonebook", "Phonebook\Phonebook\Phonebook.csproj", "{DD4CC684-3BCF-4524-A4F9-B853CFE34938}"
EndProject
Project("{FAE04EC0-301F-11D3-BF4B-00C04F79EFBC}") = "Phonebook.Droid", "Phonebook\Phonebook.Droid\Phonebook.Droid.csproj", "{00FFA5CC-5202-4A17-81E5-85055E7267B5}"
EndProject
Project("{FAE04EC0-301F-11D3-BF4B-00C04F79EFBC}") = "Phonebook.iOS", "Phonebook\Phonebook.iOS\Phonebook.iOS.csproj", "{D60002F1-F926-4CD2-8205-9A202B92ED2C}"
EndProject
Project("{FAE04EC0-301F-11D3-BF4B-00C04F79EFBC}") = "Phonebook.WinPhone", "Phonebook\Phonebook.WinPhone\Phonebook.WinPhone.csproj", "{93CE4231-8735-4D7B-BB88-51DE7A246306}"
EndProject
Project("{FAE04EC0-301F-11D3-BF4B-00C04F79EFBC}") = "Phonebook.UWP", "Phonebook\Phonebook.UWP\Phonebook.UWP.csproj", "{6D4AF6DA-4AF3-4B14-B546-E9754531CAF5}"
EndProject
Project("{FAE04EC0-301F-11D3-BF4B-00C04F79EFBC}") = "Phonebook.Windows", "Phonebook\Phonebook.Windows\Phonebook.Windows.csproj", "{5E809405-9ECD-4FB3-AD31-35130C814AF9}"
EndProject
Global
	GlobalSection(SolutionConfigurationPlatforms) = preSolution
		Ad-Hoc|Any CPU = Ad-Hoc|Any CPU
		Ad-Hoc|ARM = Ad-Hoc|ARM
		Ad-Hoc|iPhone = Ad-Hoc|iPhone
		Ad-Hoc|iPhoneSimulator = Ad-Hoc|iPhoneSimulator
		Ad-Hoc|x64 = Ad-Hoc|x64
		Ad-Hoc|x86 = Ad-Hoc|x86
		AppStore|Any CPU = AppStore|Any CPU
		AppStore|ARM = AppStore|ARM
		AppStore|iPhone = AppStore|iPhone
		AppStore|iPhoneSimulator = AppStore|iPhoneSimulator
		AppStore|x64 = AppStore|x64
		AppStore|x86 = AppStore|x86
		Debug|Any CPU = Debug|Any CPU
		Debug|ARM = Debug|ARM
		Debug|iPhone = Debug|iPhone
		Debug|iPhoneSimulator = Debug|iPhoneSimulator
		Debug|x64 = Debug|x64
		Debug|x86 = Debug|x86
		Release|Any CPU = Release|Any CPU
		Release|ARM = Release|ARM
		Release|iPhone = Release|iPhone
		Release|iPhoneSimulator = Release|iPhoneSimulator
		Release|x64 = Release|x64
		Release|x86 = Release|x86
	EndGlobalSection
	GlobalSection(ProjectConfigurationPlatforms) = postSolution
		{DD4CC684-3BCF-4524-A4F9-B853CFE34938}.Ad-Hoc|Any CPU.ActiveCfg = Release|Any CPU
		{DD4CC684-3BCF-4524-A4F9-B853CFE34938}.Ad-Hoc|Any CPU.Build.0 = Release|Any CPU
		{DD4CC684-3BCF-4524-A4F9-B853CFE34938}.Ad-Hoc|ARM.ActiveCfg = Release|Any CPU
		{DD4CC684-3BCF-4524-A4F9-B853CFE34938}.Ad-Hoc|ARM.Build.0 = Release|Any CPU
		{DD4CC684-3BCF-4524-A4F9-B853CFE34938}.Ad-Hoc|iPhone.ActiveCfg = Release|Any CPU
		{DD4CC684-3BCF-4524-A4F9-B853CFE34938}.Ad-Hoc|iPhone.Build.0 = Release|Any CPU
		{DD4CC684-3BCF-4524-A4F9-B853CFE34938}.Ad-Hoc|iPhoneSimulator.ActiveCfg = Release|Any CPU
		{DD4CC684-3BCF-4524-A4F9-B853CFE34938}.Ad-Hoc|iPhoneSimulator.Build.0 = Release|Any CPU
		{DD4CC684-3BCF-4524-A4F9-B853CFE34938}.Ad-Hoc|x64.ActiveCfg = Release|Any CPU
		{DD4CC684-3BCF-4524-A4F9-B853CFE34938}.Ad-Hoc|x64.Build.0 = Release|Any CPU
		{DD4CC684-3BCF-4524-A4F9-B853CFE34938}.Ad-Hoc|x86.ActiveCfg = Release|Any CPU
		{DD4CC684-3BCF-4524-A4F9-B853CFE34938}.Ad-Hoc|x86.Build.0 = Release|Any CPU
		{DD4CC684-3BCF-4524-A4F9-B853CFE34938}.AppStore|Any CPU.ActiveCfg = Release|Any CPU
		{DD4CC684-3BCF-4524-A4F9-B853CFE34938}.AppStore|Any CPU.Build.0 = Release|Any CPU
		{DD4CC684-3BCF-4524-A4F9-B853CFE34938}.AppStore|ARM.ActiveCfg = Release|Any CPU
		{DD4CC684-3BCF-4524-A4F9-B853CFE34938}.AppStore|ARM.Build.0 = Release|Any CPU
		{DD4CC684-3BCF-4524-A4F9-B853CFE34938}.AppStore|iPhone.ActiveCfg = Release|Any CPU
		{DD4CC684-3BCF-4524-A4F9-B853CFE34938}.AppStore|iPhone.Build.0 = Release|Any CPU
		{DD4CC684-3BCF-4524-A4F9-B853CFE34938}.AppStore|iPhoneSimulator.ActiveCfg = Release|Any CPU
		{DD4CC684-3BCF-4524-A4F9-B853CFE34938}.AppStore|iPhoneSimulator.Build.0 = Release|Any CPU
		{DD4CC684-3BCF-4524-A4F9-B853CFE34938}.AppStore|x64.ActiveCfg = Release|Any CPU
		{DD4CC684-3BCF-4524-A4F9-B853CFE34938}.AppStore|x64.Build.0 = Release|Any CPU
		{DD4CC684-3BCF-4524-A4F9-B853CFE34938}.AppStore|x86.ActiveCfg = Release|Any CPU
		{DD4CC684-3BCF-4524-A4F9-B853CFE34938}.AppStore|x86.Build.0 = Release|Any CPU
		{DD4CC684-3BCF-4524-A4F9-B853CFE34938}.Debug|Any CPU.ActiveCfg = Debug|Any CPU
		{DD4CC684-3BCF-4524-A4F9-B853CFE34938}.Debug|Any CPU.Build.0 = Debug|Any CPU
		{DD4CC684-3BCF-4524-A4F9-B853CFE34938}.Debug|ARM.ActiveCfg = Debug|Any CPU
		{DD4CC684-3BCF-4524-A4F9-B853CFE34938}.Debug|ARM.Build.0 = Debug|Any CPU
		{DD4CC684-3BCF-4524-A4F9-B853CFE34938}.Debug|iPhone.ActiveCfg = Debug|Any CPU
		{DD4CC684-3BCF-4524-A4F9-B853CFE34938}.Debug|iPhone.Build.0 = Debug|Any CPU
		{DD4CC684-3BCF-4524-A4F9-B853CFE34938}.Debug|iPhoneSimulator.ActiveCfg = Debug|Any CPU
		{DD4CC684-3BCF-4524-A4F9-B853CFE34938}.Debug|iPhoneSimulator.Build.0 = Debug|Any CPU
		{DD4CC684-3BCF-4524-A4F9-B853CFE34938}.Debug|x64.ActiveCfg = Debug|Any CPU
		{DD4CC684-3BCF-4524-A4F9-B853CFE34938}.Debug|x64.Build.0 = Debug|Any CPU
		{DD4CC684-3BCF-4524-A4F9-B853CFE34938}.Debug|x86.ActiveCfg = Debug|Any CPU
		{DD4CC684-3BCF-4524-A4F9-B853CFE34938}.Debug|x86.Build.0 = Debug|Any CPU
		{DD4CC684-3BCF-4524-A4F9-B853CFE34938}.Release|Any CPU.ActiveCfg = Release|Any CPU
		{DD4CC684-3BCF-4524-A4F9-B853CFE34938}.Release|Any CPU.Build.0 = Release|Any CPU
		{DD4CC684-3BCF-4524-A4F9-B853CFE34938}.Release|ARM.ActiveCfg = Release|Any CPU
		{DD4CC684-3BCF-4524-A4F9-B853CFE34938}.Release|ARM.Build.0 = Release|Any CPU
		{DD4CC684-3BCF-4524-A4F9-B853CFE34938}.Release|iPhone.ActiveCfg = Release|Any CPU
		{DD4CC684-3BCF-4524-A4F9-B853CFE34938}.Release|iPhone.Build.0 = Release|Any CPU
		{DD4CC684-3BCF-4524-A4F9-B853CFE34938}.Release|iPhoneSimulator.ActiveCfg = Release|Any CPU
		{DD4CC684-3BCF-4524-A4F9-B853CFE34938}.Release|iPhoneSimulator.Build.0 = Release|Any CPU
		{DD4CC684-3BCF-4524-A4F9-B853CFE34938}.Release|x64.ActiveCfg = Release|Any CPU
		{DD4CC684-3BCF-4524-A4F9-B853CFE34938}.Release|x64.Build.0 = Release|Any CPU
		{DD4CC684-3BCF-4524-A4F9-B853CFE34938}.Release|x86.ActiveCfg = Release|Any CPU
		{DD4CC684-3BCF-4524-A4F9-B853CFE34938}.Release|x86.Build.0 = Release|Any CPU
		{00FFA5CC-5202-4A17-81E5-85055E7267B5}.Ad-Hoc|Any CPU.ActiveCfg = Release|Any CPU
		{00FFA5CC-5202-4A17-81E5-85055E7267B5}.Ad-Hoc|Any CPU.Build.0 = Release|Any CPU
		{00FFA5CC-5202-4A17-81E5-85055E7267B5}.Ad-Hoc|Any CPU.Deploy.0 = Release|Any CPU
		{00FFA5CC-5202-4A17-81E5-85055E7267B5}.Ad-Hoc|ARM.ActiveCfg = Release|Any CPU
		{00FFA5CC-5202-4A17-81E5-85055E7267B5}.Ad-Hoc|ARM.Build.0 = Release|Any CPU
		{00FFA5CC-5202-4A17-81E5-85055E7267B5}.Ad-Hoc|ARM.Deploy.0 = Release|Any CPU
		{00FFA5CC-5202-4A17-81E5-85055E7267B5}.Ad-Hoc|iPhone.ActiveCfg = Release|Any CPU
		{00FFA5CC-5202-4A17-81E5-85055E7267B5}.Ad-Hoc|iPhone.Build.0 = Release|Any CPU
		{00FFA5CC-5202-4A17-81E5-85055E7267B5}.Ad-Hoc|iPhone.Deploy.0 = Release|Any CPU
		{00FFA5CC-5202-4A17-81E5-85055E7267B5}.Ad-Hoc|iPhoneSimulator.ActiveCfg = Release|Any CPU
		{00FFA5CC-5202-4A17-81E5-85055E7267B5}.Ad-Hoc|iPhoneSimulator.Build.0 = Release|Any CPU
		{00FFA5CC-5202-4A17-81E5-85055E7267B5}.Ad-Hoc|iPhoneSimulator.Deploy.0 = Release|Any CPU
		{00FFA5CC-5202-4A17-81E5-85055E7267B5}.Ad-Hoc|x64.ActiveCfg = Release|Any CPU
		{00FFA5CC-5202-4A17-81E5-85055E7267B5}.Ad-Hoc|x64.Build.0 = Release|Any CPU
		{00FFA5CC-5202-4A17-81E5-85055E7267B5}.Ad-Hoc|x64.Deploy.0 = Release|Any CPU
		{00FFA5CC-5202-4A17-81E5-85055E7267B5}.Ad-Hoc|x86.ActiveCfg = Release|Any CPU
		{00FFA5CC-5202-4A17-81E5-85055E7267B5}.Ad-Hoc|x86.Build.0 = Release|Any CPU
		{00FFA5CC-5202-4A17-81E5-85055E7267B5}.Ad-Hoc|x86.Deploy.0 = Release|Any CPU
		{00FFA5CC-5202-4A17-81E5-85055E7267B5}.AppStore|Any CPU.ActiveCfg = Release|Any CPU
		{00FFA5CC-5202-4A17-81E5-85055E7267B5}.AppStore|Any CPU.Build.0 = Release|Any CPU
		{00FFA5CC-5202-4A17-81E5-85055E7267B5}.AppStore|Any CPU.Deploy.0 = Release|Any CPU
		{00FFA5CC-5202-4A17-81E5-85055E7267B5}.AppStore|ARM.ActiveCfg = Release|Any CPU
		{00FFA5CC-5202-4A17-81E5-85055E7267B5}.AppStore|ARM.Build.0 = Release|Any CPU
		{00FFA5CC-5202-4A17-81E5-85055E7267B5}.AppStore|ARM.Deploy.0 = Release|Any CPU
		{00FFA5CC-5202-4A17-81E5-85055E7267B5}.AppStore|iPhone.ActiveCfg = Release|Any CPU
		{00FFA5CC-5202-4A17-81E5-85055E7267B5}.AppStore|iPhone.Build.0 = Release|Any CPU
		{00FFA5CC-5202-4A17-81E5-85055E7267B5}.AppStore|iPhone.Deploy.0 = Release|Any CPU
		{00FFA5CC-5202-4A17-81E5-85055E7267B5}.AppStore|iPhoneSimulator.ActiveCfg = Release|Any CPU
		{00FFA5CC-5202-4A17-81E5-85055E7267B5}.AppStore|iPhoneSimulator.Build.0 = Release|Any CPU
		{00FFA5CC-5202-4A17-81E5-85055E7267B5}.AppStore|iPhoneSimulator.Deploy.0 = Release|Any CPU
		{00FFA5CC-5202-4A17-81E5-85055E7267B5}.AppStore|x64.ActiveCfg = Release|Any CPU
		{00FFA5CC-5202-4A17-81E5-85055E7267B5}.AppStore|x64.Build.0 = Release|Any CPU
		{00FFA5CC-5202-4A17-81E5-85055E7267B5}.AppStore|x64.Deploy.0 = Release|Any CPU
		{00FFA5CC-5202-4A17-81E5-85055E7267B5}.AppStore|x86.ActiveCfg = Release|Any CPU
		{00FFA5CC-5202-4A17-81E5-85055E7267B5}.AppStore|x86.Build.0 = Release|Any CPU
		{00FFA5CC-5202-4A17-81E5-85055E7267B5}.AppStore|x86.Deploy.0 = Release|Any CPU
		{00FFA5CC-5202-4A17-81E5-85055E7267B5}.Debug|Any CPU.ActiveCfg = Debug|Any CPU
		{00FFA5CC-5202-4A17-81E5-85055E7267B5}.Debug|Any CPU.Build.0 = Debug|Any CPU
		{00FFA5CC-5202-4A17-81E5-85055E7267B5}.Debug|Any CPU.Deploy.0 = Debug|Any CPU
		{00FFA5CC-5202-4A17-81E5-85055E7267B5}.Debug|ARM.ActiveCfg = Debug|Any CPU
		{00FFA5CC-5202-4A17-81E5-85055E7267B5}.Debug|ARM.Build.0 = Debug|Any CPU
		{00FFA5CC-5202-4A17-81E5-85055E7267B5}.Debug|ARM.Deploy.0 = Debug|Any CPU
		{00FFA5CC-5202-4A17-81E5-85055E7267B5}.Debug|iPhone.ActiveCfg = Debug|Any CPU
		{00FFA5CC-5202-4A17-81E5-85055E7267B5}.Debug|iPhone.Build.0 = Debug|Any CPU
		{00FFA5CC-5202-4A17-81E5-85055E7267B5}.Debug|iPhone.Deploy.0 = Debug|Any CPU
		{00FFA5CC-5202-4A17-81E5-85055E7267B5}.Debug|iPhoneSimulator.ActiveCfg = Debug|Any CPU
		{00FFA5CC-5202-4A17-81E5-85055E7267B5}.Debug|iPhoneSimulator.Build.0 = Debug|Any CPU
		{00FFA5CC-5202-4A17-81E5-85055E7267B5}.Debug|iPhoneSimulator.Deploy.0 = Debug|Any CPU
		{00FFA5CC-5202-4A17-81E5-85055E7267B5}.Debug|x64.ActiveCfg = Debug|Any CPU
		{00FFA5CC-5202-4A17-81E5-85055E7267B5}.Debug|x64.Build.0 = Debug|Any CPU
		{00FFA5CC-5202-4A17-81E5-85055E7267B5}.Debug|x64.Deploy.0 = Debug|Any CPU
		{00FFA5CC-5202-4A17-81E5-85055E7267B5}.Debug|x86.ActiveCfg = Debug|Any CPU
		{00FFA5CC-5202-4A17-81E5-85055E7267B5}.Debug|x86.Build.0 = Debug|Any CPU
		{00FFA5CC-5202-4A17-81E5-85055E7267B5}.Debug|x86.Deploy.0 = Debug|Any CPU
		{00FFA5CC-5202-4A17-81E5-85055E7267B5}.Release|Any CPU.ActiveCfg = Release|Any CPU
		{00FFA5CC-5202-4A17-81E5-85055E7267B5}.Release|Any CPU.Build.0 = Release|Any CPU
		{00FFA5CC-5202-4A17-81E5-85055E7267B5}.Release|Any CPU.Deploy.0 = Release|Any CPU
		{00FFA5CC-5202-4A17-81E5-85055E7267B5}.Release|ARM.ActiveCfg = Release|Any CPU
		{00FFA5CC-5202-4A17-81E5-85055E7267B5}.Release|ARM.Build.0 = Release|Any CPU
		{00FFA5CC-5202-4A17-81E5-85055E7267B5}.Release|ARM.Deploy.0 = Release|Any CPU
		{00FFA5CC-5202-4A17-81E5-85055E7267B5}.Release|iPhone.ActiveCfg = Release|Any CPU
		{00FFA5CC-5202-4A17-81E5-85055E7267B5}.Release|iPhone.Build.0 = Release|Any CPU
		{00FFA5CC-5202-4A17-81E5-85055E7267B5}.Release|iPhone.Deploy.0 = Release|Any CPU
		{00FFA5CC-5202-4A17-81E5-85055E7267B5}.Release|iPhoneSimulator.ActiveCfg = Release|Any CPU
		{00FFA5CC-5202-4A17-81E5-85055E7267B5}.Release|iPhoneSimulator.Build.0 = Release|Any CPU
		{00FFA5CC-5202-4A17-81E5-85055E7267B5}.Release|iPhoneSimulator.Deploy.0 = Release|Any CPU
		{00FFA5CC-5202-4A17-81E5-85055E7267B5}.Release|x64.ActiveCfg = Release|Any CPU
		{00FFA5CC-5202-4A17-81E5-85055E7267B5}.Release|x64.Build.0 = Release|Any CPU
		{00FFA5CC-5202-4A17-81E5-85055E7267B5}.Release|x64.Deploy.0 = Release|Any CPU
		{00FFA5CC-5202-4A17-81E5-85055E7267B5}.Release|x86.ActiveCfg = Release|Any CPU
		{00FFA5CC-5202-4A17-81E5-85055E7267B5}.Release|x86.Build.0 = Release|Any CPU
		{00FFA5CC-5202-4A17-81E5-85055E7267B5}.Release|x86.Deploy.0 = Release|Any CPU
		{D60002F1-F926-4CD2-8205-9A202B92ED2C}.Ad-Hoc|Any CPU.ActiveCfg = Ad-Hoc|iPhone
		{D60002F1-F926-4CD2-8205-9A202B92ED2C}.Ad-Hoc|ARM.ActiveCfg = Ad-Hoc|iPhone
		{D60002F1-F926-4CD2-8205-9A202B92ED2C}.Ad-Hoc|iPhone.ActiveCfg = Ad-Hoc|iPhone
		{D60002F1-F926-4CD2-8205-9A202B92ED2C}.Ad-Hoc|iPhone.Build.0 = Ad-Hoc|iPhone
		{D60002F1-F926-4CD2-8205-9A202B92ED2C}.Ad-Hoc|iPhoneSimulator.ActiveCfg = Ad-Hoc|iPhoneSimulator
		{D60002F1-F926-4CD2-8205-9A202B92ED2C}.Ad-Hoc|iPhoneSimulator.Build.0 = Ad-Hoc|iPhoneSimulator
		{D60002F1-F926-4CD2-8205-9A202B92ED2C}.Ad-Hoc|x64.ActiveCfg = Ad-Hoc|iPhone
		{D60002F1-F926-4CD2-8205-9A202B92ED2C}.Ad-Hoc|x86.ActiveCfg = Ad-Hoc|iPhone
		{D60002F1-F926-4CD2-8205-9A202B92ED2C}.AppStore|Any CPU.ActiveCfg = AppStore|iPhone
		{D60002F1-F926-4CD2-8205-9A202B92ED2C}.AppStore|ARM.ActiveCfg = AppStore|iPhone
		{D60002F1-F926-4CD2-8205-9A202B92ED2C}.AppStore|iPhone.ActiveCfg = AppStore|iPhone
		{D60002F1-F926-4CD2-8205-9A202B92ED2C}.AppStore|iPhone.Build.0 = AppStore|iPhone
		{D60002F1-F926-4CD2-8205-9A202B92ED2C}.AppStore|iPhoneSimulator.ActiveCfg = AppStore|iPhoneSimulator
		{D60002F1-F926-4CD2-8205-9A202B92ED2C}.AppStore|iPhoneSimulator.Build.0 = AppStore|iPhoneSimulator
		{D60002F1-F926-4CD2-8205-9A202B92ED2C}.AppStore|x64.ActiveCfg = AppStore|iPhone
		{D60002F1-F926-4CD2-8205-9A202B92ED2C}.AppStore|x86.ActiveCfg = AppStore|iPhone
		{D60002F1-F926-4CD2-8205-9A202B92ED2C}.Debug|Any CPU.ActiveCfg = Debug|iPhone
		{D60002F1-F926-4CD2-8205-9A202B92ED2C}.Debug|ARM.ActiveCfg = Debug|iPhone
		{D60002F1-F926-4CD2-8205-9A202B92ED2C}.Debug|iPhone.ActiveCfg = Debug|iPhone
		{D60002F1-F926-4CD2-8205-9A202B92ED2C}.Debug|iPhone.Build.0 = Debug|iPhone
		{D60002F1-F926-4CD2-8205-9A202B92ED2C}.Debug|iPhoneSimulator.ActiveCfg = Debug|iPhoneSimulator
		{D60002F1-F926-4CD2-8205-9A202B92ED2C}.Debug|iPhoneSimulator.Build.0 = Debug|iPhoneSimulator
		{D60002F1-F926-4CD2-8205-9A202B92ED2C}.Debug|x64.ActiveCfg = Debug|iPhone
		{D60002F1-F926-4CD2-8205-9A202B92ED2C}.Debug|x86.ActiveCfg = Debug|iPhone
		{D60002F1-F926-4CD2-8205-9A202B92ED2C}.Release|Any CPU.ActiveCfg = Release|iPhone
		{D60002F1-F926-4CD2-8205-9A202B92ED2C}.Release|ARM.ActiveCfg = Release|iPhone
		{D60002F1-F926-4CD2-8205-9A202B92ED2C}.Release|iPhone.ActiveCfg = Release|iPhone
		{D60002F1-F926-4CD2-8205-9A202B92ED2C}.Release|iPhone.Build.0 = Release|iPhone
		{D60002F1-F926-4CD2-8205-9A202B92ED2C}.Release|iPhoneSimulator.ActiveCfg = Release|iPhoneSimulator
		{D60002F1-F926-4CD2-8205-9A202B92ED2C}.Release|iPhoneSimulator.Build.0 = Release|iPhoneSimulator
		{D60002F1-F926-4CD2-8205-9A202B92ED2C}.Release|x64.ActiveCfg = Release|iPhone
		{D60002F1-F926-4CD2-8205-9A202B92ED2C}.Release|x86.ActiveCfg = Release|iPhone
		{93CE4231-8735-4D7B-BB88-51DE7A246306}.Ad-Hoc|Any CPU.ActiveCfg = Release|Any CPU
		{93CE4231-8735-4D7B-BB88-51DE7A246306}.Ad-Hoc|Any CPU.Build.0 = Release|Any CPU
		{93CE4231-8735-4D7B-BB88-51DE7A246306}.Ad-Hoc|Any CPU.Deploy.0 = Release|Any CPU
		{93CE4231-8735-4D7B-BB88-51DE7A246306}.Ad-Hoc|ARM.ActiveCfg = Release|ARM
		{93CE4231-8735-4D7B-BB88-51DE7A246306}.Ad-Hoc|ARM.Build.0 = Release|ARM
		{93CE4231-8735-4D7B-BB88-51DE7A246306}.Ad-Hoc|ARM.Deploy.0 = Release|ARM
		{93CE4231-8735-4D7B-BB88-51DE7A246306}.Ad-Hoc|iPhone.ActiveCfg = Release|Any CPU
		{93CE4231-8735-4D7B-BB88-51DE7A246306}.Ad-Hoc|iPhone.Build.0 = Release|Any CPU
		{93CE4231-8735-4D7B-BB88-51DE7A246306}.Ad-Hoc|iPhone.Deploy.0 = Release|Any CPU
		{93CE4231-8735-4D7B-BB88-51DE7A246306}.Ad-Hoc|iPhoneSimulator.ActiveCfg = Release|Any CPU
		{93CE4231-8735-4D7B-BB88-51DE7A246306}.Ad-Hoc|iPhoneSimulator.Build.0 = Release|Any CPU
		{93CE4231-8735-4D7B-BB88-51DE7A246306}.Ad-Hoc|iPhoneSimulator.Deploy.0 = Release|Any CPU
		{93CE4231-8735-4D7B-BB88-51DE7A246306}.Ad-Hoc|x64.ActiveCfg = Release|Any CPU
		{93CE4231-8735-4D7B-BB88-51DE7A246306}.Ad-Hoc|x64.Build.0 = Release|Any CPU
		{93CE4231-8735-4D7B-BB88-51DE7A246306}.Ad-Hoc|x64.Deploy.0 = Release|Any CPU
		{93CE4231-8735-4D7B-BB88-51DE7A246306}.Ad-Hoc|x86.ActiveCfg = Release|x86
		{93CE4231-8735-4D7B-BB88-51DE7A246306}.Ad-Hoc|x86.Build.0 = Release|x86
		{93CE4231-8735-4D7B-BB88-51DE7A246306}.Ad-Hoc|x86.Deploy.0 = Release|x86
		{93CE4231-8735-4D7B-BB88-51DE7A246306}.AppStore|Any CPU.ActiveCfg = Release|Any CPU
		{93CE4231-8735-4D7B-BB88-51DE7A246306}.AppStore|Any CPU.Build.0 = Release|Any CPU
		{93CE4231-8735-4D7B-BB88-51DE7A246306}.AppStore|Any CPU.Deploy.0 = Release|Any CPU
		{93CE4231-8735-4D7B-BB88-51DE7A246306}.AppStore|ARM.ActiveCfg = Release|ARM
		{93CE4231-8735-4D7B-BB88-51DE7A246306}.AppStore|ARM.Build.0 = Release|ARM
		{93CE4231-8735-4D7B-BB88-51DE7A246306}.AppStore|ARM.Deploy.0 = Release|ARM
		{93CE4231-8735-4D7B-BB88-51DE7A246306}.AppStore|iPhone.ActiveCfg = Release|Any CPU
		{93CE4231-8735-4D7B-BB88-51DE7A246306}.AppStore|iPhone.Build.0 = Release|Any CPU
		{93CE4231-8735-4D7B-BB88-51DE7A246306}.AppStore|iPhone.Deploy.0 = Release|Any CPU
		{93CE4231-8735-4D7B-BB88-51DE7A246306}.AppStore|iPhoneSimulator.ActiveCfg = Release|Any CPU
		{93CE4231-8735-4D7B-BB88-51DE7A246306}.AppStore|iPhoneSimulator.Build.0 = Release|Any CPU
		{93CE4231-8735-4D7B-BB88-51DE7A246306}.AppStore|iPhoneSimulator.Deploy.0 = Release|Any CPU
		{93CE4231-8735-4D7B-BB88-51DE7A246306}.AppStore|x64.ActiveCfg = Release|Any CPU
		{93CE4231-8735-4D7B-BB88-51DE7A246306}.AppStore|x64.Build.0 = Release|Any CPU
		{93CE4231-8735-4D7B-BB88-51DE7A246306}.AppStore|x64.Deploy.0 = Release|Any CPU
		{93CE4231-8735-4D7B-BB88-51DE7A246306}.AppStore|x86.ActiveCfg = Release|x86
		{93CE4231-8735-4D7B-BB88-51DE7A246306}.AppStore|x86.Build.0 = Release|x86
		{93CE4231-8735-4D7B-BB88-51DE7A246306}.AppStore|x86.Deploy.0 = Release|x86
		{93CE4231-8735-4D7B-BB88-51DE7A246306}.Debug|Any CPU.ActiveCfg = Debug|Any CPU
		{93CE4231-8735-4D7B-BB88-51DE7A246306}.Debug|Any CPU.Build.0 = Debug|Any CPU
		{93CE4231-8735-4D7B-BB88-51DE7A246306}.Debug|Any CPU.Deploy.0 = Debug|Any CPU
		{93CE4231-8735-4D7B-BB88-51DE7A246306}.Debug|ARM.ActiveCfg = Debug|ARM
		{93CE4231-8735-4D7B-BB88-51DE7A246306}.Debug|ARM.Build.0 = Debug|ARM
		{93CE4231-8735-4D7B-BB88-51DE7A246306}.Debug|ARM.Deploy.0 = Debug|ARM
		{93CE4231-8735-4D7B-BB88-51DE7A246306}.Debug|iPhone.ActiveCfg = Debug|Any CPU
		{93CE4231-8735-4D7B-BB88-51DE7A246306}.Debug|iPhone.Build.0 = Debug|Any CPU
		{93CE4231-8735-4D7B-BB88-51DE7A246306}.Debug|iPhone.Deploy.0 = Debug|Any CPU
		{93CE4231-8735-4D7B-BB88-51DE7A246306}.Debug|iPhoneSimulator.ActiveCfg = Debug|Any CPU
		{93CE4231-8735-4D7B-BB88-51DE7A246306}.Debug|iPhoneSimulator.Build.0 = Debug|Any CPU
		{93CE4231-8735-4D7B-BB88-51DE7A246306}.Debug|iPhoneSimulator.Deploy.0 = Debug|Any CPU
		{93CE4231-8735-4D7B-BB88-51DE7A246306}.Debug|x64.ActiveCfg = Debug|Any CPU
		{93CE4231-8735-4D7B-BB88-51DE7A246306}.Debug|x64.Build.0 = Debug|Any CPU
		{93CE4231-8735-4D7B-BB88-51DE7A246306}.Debug|x64.Deploy.0 = Debug|Any CPU
		{93CE4231-8735-4D7B-BB88-51DE7A246306}.Debug|x86.ActiveCfg = Debug|x86
		{93CE4231-8735-4D7B-BB88-51DE7A246306}.Debug|x86.Build.0 = Debug|x86
		{93CE4231-8735-4D7B-BB88-51DE7A246306}.Debug|x86.Deploy.0 = Debug|x86
		{93CE4231-8735-4D7B-BB88-51DE7A246306}.Release|Any CPU.ActiveCfg = Release|Any CPU
		{93CE4231-8735-4D7B-BB88-51DE7A246306}.Release|Any CPU.Build.0 = Release|Any CPU
		{93CE4231-8735-4D7B-BB88-51DE7A246306}.Release|Any CPU.Deploy.0 = Release|Any CPU
		{93CE4231-8735-4D7B-BB88-51DE7A246306}.Release|ARM.ActiveCfg = Release|ARM
		{93CE4231-8735-4D7B-BB88-51DE7A246306}.Release|ARM.Build.0 = Release|ARM
		{93CE4231-8735-4D7B-BB88-51DE7A246306}.Release|ARM.Deploy.0 = Release|ARM
		{93CE4231-8735-4D7B-BB88-51DE7A246306}.Release|iPhone.ActiveCfg = Release|Any CPU
		{93CE4231-8735-4D7B-BB88-51DE7A246306}.Release|iPhone.Build.0 = Release|Any CPU
		{93CE4231-8735-4D7B-BB88-51DE7A246306}.Release|iPhone.Deploy.0 = Release|Any CPU
		{93CE4231-8735-4D7B-BB88-51DE7A246306}.Release|iPhoneSimulator.ActiveCfg = Release|Any CPU
		{93CE4231-8735-4D7B-BB88-51DE7A246306}.Release|iPhoneSimulator.Build.0 = Release|Any CPU
		{93CE4231-8735-4D7B-BB88-51DE7A246306}.Release|iPhoneSimulator.Deploy.0 = Release|Any CPU
		{93CE4231-8735-4D7B-BB88-51DE7A246306}.Release|x64.ActiveCfg = Release|Any CPU
		{93CE4231-8735-4D7B-BB88-51DE7A246306}.Release|x64.Build.0 = Release|Any CPU
		{93CE4231-8735-4D7B-BB88-51DE7A246306}.Release|x64.Deploy.0 = Release|Any CPU
		{93CE4231-8735-4D7B-BB88-51DE7A246306}.Release|x86.ActiveCfg = Release|x86
		{93CE4231-8735-4D7B-BB88-51DE7A246306}.Release|x86.Build.0 = Release|x86
		{93CE4231-8735-4D7B-BB88-51DE7A246306}.Release|x86.Deploy.0 = Release|x86
		{6D4AF6DA-4AF3-4B14-B546-E9754531CAF5}.Ad-Hoc|Any CPU.ActiveCfg = Release|x86
		{6D4AF6DA-4AF3-4B14-B546-E9754531CAF5}.Ad-Hoc|Any CPU.Build.0 = Release|x86
		{6D4AF6DA-4AF3-4B14-B546-E9754531CAF5}.Ad-Hoc|Any CPU.Deploy.0 = Release|x86
		{6D4AF6DA-4AF3-4B14-B546-E9754531CAF5}.Ad-Hoc|ARM.ActiveCfg = Release|ARM
		{6D4AF6DA-4AF3-4B14-B546-E9754531CAF5}.Ad-Hoc|ARM.Build.0 = Release|ARM
		{6D4AF6DA-4AF3-4B14-B546-E9754531CAF5}.Ad-Hoc|ARM.Deploy.0 = Release|ARM
		{6D4AF6DA-4AF3-4B14-B546-E9754531CAF5}.Ad-Hoc|iPhone.ActiveCfg = Release|x86
		{6D4AF6DA-4AF3-4B14-B546-E9754531CAF5}.Ad-Hoc|iPhone.Build.0 = Release|x86
		{6D4AF6DA-4AF3-4B14-B546-E9754531CAF5}.Ad-Hoc|iPhone.Deploy.0 = Release|x86
		{6D4AF6DA-4AF3-4B14-B546-E9754531CAF5}.Ad-Hoc|iPhoneSimulator.ActiveCfg = Release|x86
		{6D4AF6DA-4AF3-4B14-B546-E9754531CAF5}.Ad-Hoc|iPhoneSimulator.Build.0 = Release|x86
		{6D4AF6DA-4AF3-4B14-B546-E9754531CAF5}.Ad-Hoc|iPhoneSimulator.Deploy.0 = Release|x86
		{6D4AF6DA-4AF3-4B14-B546-E9754531CAF5}.Ad-Hoc|x64.ActiveCfg = Release|x64
		{6D4AF6DA-4AF3-4B14-B546-E9754531CAF5}.Ad-Hoc|x64.Build.0 = Release|x64
		{6D4AF6DA-4AF3-4B14-B546-E9754531CAF5}.Ad-Hoc|x64.Deploy.0 = Release|x64
		{6D4AF6DA-4AF3-4B14-B546-E9754531CAF5}.Ad-Hoc|x86.ActiveCfg = Release|x86
		{6D4AF6DA-4AF3-4B14-B546-E9754531CAF5}.Ad-Hoc|x86.Build.0 = Release|x86
		{6D4AF6DA-4AF3-4B14-B546-E9754531CAF5}.Ad-Hoc|x86.Deploy.0 = Release|x86
		{6D4AF6DA-4AF3-4B14-B546-E9754531CAF5}.AppStore|Any CPU.ActiveCfg = Release|x86
		{6D4AF6DA-4AF3-4B14-B546-E9754531CAF5}.AppStore|Any CPU.Build.0 = Release|x86
		{6D4AF6DA-4AF3-4B14-B546-E9754531CAF5}.AppStore|Any CPU.Deploy.0 = Release|x86
		{6D4AF6DA-4AF3-4B14-B546-E9754531CAF5}.AppStore|ARM.ActiveCfg = Release|ARM
		{6D4AF6DA-4AF3-4B14-B546-E9754531CAF5}.AppStore|ARM.Build.0 = Release|ARM
		{6D4AF6DA-4AF3-4B14-B546-E9754531CAF5}.AppStore|ARM.Deploy.0 = Release|ARM
		{6D4AF6DA-4AF3-4B14-B546-E9754531CAF5}.AppStore|iPhone.ActiveCfg = Release|x86
		{6D4AF6DA-4AF3-4B14-B546-E9754531CAF5}.AppStore|iPhone.Build.0 = Release|x86
		{6D4AF6DA-4AF3-4B14-B546-E9754531CAF5}.AppStore|iPhone.Deploy.0 = Release|x86
		{6D4AF6DA-4AF3-4B14-B546-E9754531CAF5}.AppStore|iPhoneSimulator.ActiveCfg = Release|x86
		{6D4AF6DA-4AF3-4B14-B546-E9754531CAF5}.AppStore|iPhoneSimulator.Build.0 = Release|x86
		{6D4AF6DA-4AF3-4B14-B546-E9754531CAF5}.AppStore|iPhoneSimulator.Deploy.0 = Release|x86
		{6D4AF6DA-4AF3-4B14-B546-E9754531CAF5}.AppStore|x64.ActiveCfg = Release|x64
		{6D4AF6DA-4AF3-4B14-B546-E9754531CAF5}.AppStore|x64.Build.0 = Release|x64
		{6D4AF6DA-4AF3-4B14-B546-E9754531CAF5}.AppStore|x64.Deploy.0 = Release|x64
		{6D4AF6DA-4AF3-4B14-B546-E9754531CAF5}.AppStore|x86.ActiveCfg = Release|x86
		{6D4AF6DA-4AF3-4B14-B546-E9754531CAF5}.AppStore|x86.Build.0 = Release|x86
		{6D4AF6DA-4AF3-4B14-B546-E9754531CAF5}.AppStore|x86.Deploy.0 = Release|x86
		{6D4AF6DA-4AF3-4B14-B546-E9754531CAF5}.Debug|Any CPU.ActiveCfg = Debug|x86
		{6D4AF6DA-4AF3-4B14-B546-E9754531CAF5}.Debug|ARM.ActiveCfg = Debug|ARM
		{6D4AF6DA-4AF3-4B14-B546-E9754531CAF5}.Debug|ARM.Build.0 = Debug|ARM
		{6D4AF6DA-4AF3-4B14-B546-E9754531CAF5}.Debug|ARM.Deploy.0 = Debug|ARM
		{6D4AF6DA-4AF3-4B14-B546-E9754531CAF5}.Debug|iPhone.ActiveCfg = Debug|x86
		{6D4AF6DA-4AF3-4B14-B546-E9754531CAF5}.Debug|iPhoneSimulator.ActiveCfg = Debug|x86
		{6D4AF6DA-4AF3-4B14-B546-E9754531CAF5}.Debug|x64.ActiveCfg = Debug|x64
		{6D4AF6DA-4AF3-4B14-B546-E9754531CAF5}.Debug|x64.Build.0 = Debug|x64
		{6D4AF6DA-4AF3-4B14-B546-E9754531CAF5}.Debug|x64.Deploy.0 = Debug|x64
		{6D4AF6DA-4AF3-4B14-B546-E9754531CAF5}.Debug|x86.ActiveCfg = Debug|x86
		{6D4AF6DA-4AF3-4B14-B546-E9754531CAF5}.Debug|x86.Build.0 = Debug|x86
		{6D4AF6DA-4AF3-4B14-B546-E9754531CAF5}.Debug|x86.Deploy.0 = Debug|x86
		{6D4AF6DA-4AF3-4B14-B546-E9754531CAF5}.Release|Any CPU.ActiveCfg = Release|x86
		{6D4AF6DA-4AF3-4B14-B546-E9754531CAF5}.Release|ARM.ActiveCfg = Release|ARM
		{6D4AF6DA-4AF3-4B14-B546-E9754531CAF5}.Release|ARM.Build.0 = Release|ARM
		{6D4AF6DA-4AF3-4B14-B546-E9754531CAF5}.Release|ARM.Deploy.0 = Release|ARM
		{6D4AF6DA-4AF3-4B14-B546-E9754531CAF5}.Release|iPhone.ActiveCfg = Release|x86
		{6D4AF6DA-4AF3-4B14-B546-E9754531CAF5}.Release|iPhoneSimulator.ActiveCfg = Release|x86
		{6D4AF6DA-4AF3-4B14-B546-E9754531CAF5}.Release|x64.ActiveCfg = Release|x64
		{6D4AF6DA-4AF3-4B14-B546-E9754531CAF5}.Release|x64.Build.0 = Release|x64
		{6D4AF6DA-4AF3-4B14-B546-E9754531CAF5}.Release|x64.Deploy.0 = Release|x64
		{6D4AF6DA-4AF3-4B14-B546-E9754531CAF5}.Release|x86.ActiveCfg = Release|x86
		{6D4AF6DA-4AF3-4B14-B546-E9754531CAF5}.Release|x86.Build.0 = Release|x86
		{6D4AF6DA-4AF3-4B14-B546-E9754531CAF5}.Release|x86.Deploy.0 = Release|x86
		{5E809405-9ECD-4FB3-AD31-35130C814AF9}.Ad-Hoc|Any CPU.ActiveCfg = Release|Any CPU
		{5E809405-9ECD-4FB3-AD31-35130C814AF9}.Ad-Hoc|Any CPU.Build.0 = Release|Any CPU
		{5E809405-9ECD-4FB3-AD31-35130C814AF9}.Ad-Hoc|Any CPU.Deploy.0 = Release|Any CPU
		{5E809405-9ECD-4FB3-AD31-35130C814AF9}.Ad-Hoc|ARM.ActiveCfg = Release|ARM
		{5E809405-9ECD-4FB3-AD31-35130C814AF9}.Ad-Hoc|ARM.Build.0 = Release|ARM
		{5E809405-9ECD-4FB3-AD31-35130C814AF9}.Ad-Hoc|ARM.Deploy.0 = Release|ARM
		{5E809405-9ECD-4FB3-AD31-35130C814AF9}.Ad-Hoc|iPhone.ActiveCfg = Release|Any CPU
		{5E809405-9ECD-4FB3-AD31-35130C814AF9}.Ad-Hoc|iPhone.Build.0 = Release|Any CPU
		{5E809405-9ECD-4FB3-AD31-35130C814AF9}.Ad-Hoc|iPhone.Deploy.0 = Release|Any CPU
		{5E809405-9ECD-4FB3-AD31-35130C814AF9}.Ad-Hoc|iPhoneSimulator.ActiveCfg = Release|Any CPU
		{5E809405-9ECD-4FB3-AD31-35130C814AF9}.Ad-Hoc|iPhoneSimulator.Build.0 = Release|Any CPU
		{5E809405-9ECD-4FB3-AD31-35130C814AF9}.Ad-Hoc|iPhoneSimulator.Deploy.0 = Release|Any CPU
		{5E809405-9ECD-4FB3-AD31-35130C814AF9}.Ad-Hoc|x64.ActiveCfg = Release|x64
		{5E809405-9ECD-4FB3-AD31-35130C814AF9}.Ad-Hoc|x64.Build.0 = Release|x64
		{5E809405-9ECD-4FB3-AD31-35130C814AF9}.Ad-Hoc|x64.Deploy.0 = Release|x64
		{5E809405-9ECD-4FB3-AD31-35130C814AF9}.Ad-Hoc|x86.ActiveCfg = Release|x86
		{5E809405-9ECD-4FB3-AD31-35130C814AF9}.Ad-Hoc|x86.Build.0 = Release|x86
		{5E809405-9ECD-4FB3-AD31-35130C814AF9}.Ad-Hoc|x86.Deploy.0 = Release|x86
		{5E809405-9ECD-4FB3-AD31-35130C814AF9}.AppStore|Any CPU.ActiveCfg = Release|Any CPU
		{5E809405-9ECD-4FB3-AD31-35130C814AF9}.AppStore|Any CPU.Build.0 = Release|Any CPU
		{5E809405-9ECD-4FB3-AD31-35130C814AF9}.AppStore|Any CPU.Deploy.0 = Release|Any CPU
		{5E809405-9ECD-4FB3-AD31-35130C814AF9}.AppStore|ARM.ActiveCfg = Release|ARM
		{5E809405-9ECD-4FB3-AD31-35130C814AF9}.AppStore|ARM.Build.0 = Release|ARM
		{5E809405-9ECD-4FB3-AD31-35130C814AF9}.AppStore|ARM.Deploy.0 = Release|ARM
		{5E809405-9ECD-4FB3-AD31-35130C814AF9}.AppStore|iPhone.ActiveCfg = Release|Any CPU
		{5E809405-9ECD-4FB3-AD31-35130C814AF9}.AppStore|iPhone.Build.0 = Release|Any CPU
		{5E809405-9ECD-4FB3-AD31-35130C814AF9}.AppStore|iPhone.Deploy.0 = Release|Any CPU
		{5E809405-9ECD-4FB3-AD31-35130C814AF9}.AppStore|iPhoneSimulator.ActiveCfg = Release|Any CPU
		{5E809405-9ECD-4FB3-AD31-35130C814AF9}.AppStore|iPhoneSimulator.Build.0 = Release|Any CPU
		{5E809405-9ECD-4FB3-AD31-35130C814AF9}.AppStore|iPhoneSimulator.Deploy.0 = Release|Any CPU
		{5E809405-9ECD-4FB3-AD31-35130C814AF9}.AppStore|x64.ActiveCfg = Release|x64
		{5E809405-9ECD-4FB3-AD31-35130C814AF9}.AppStore|x64.Build.0 = Release|x64
		{5E809405-9ECD-4FB3-AD31-35130C814AF9}.AppStore|x64.Deploy.0 = Release|x64
		{5E809405-9ECD-4FB3-AD31-35130C814AF9}.AppStore|x86.ActiveCfg = Release|x86
		{5E809405-9ECD-4FB3-AD31-35130C814AF9}.AppStore|x86.Build.0 = Release|x86
		{5E809405-9ECD-4FB3-AD31-35130C814AF9}.AppStore|x86.Deploy.0 = Release|x86
		{5E809405-9ECD-4FB3-AD31-35130C814AF9}.Debug|Any CPU.ActiveCfg = Debug|Any CPU
		{5E809405-9ECD-4FB3-AD31-35130C814AF9}.Debug|Any CPU.Build.0 = Debug|Any CPU
		{5E809405-9ECD-4FB3-AD31-35130C814AF9}.Debug|Any CPU.Deploy.0 = Debug|Any CPU
		{5E809405-9ECD-4FB3-AD31-35130C814AF9}.Debug|ARM.ActiveCfg = Debug|ARM
		{5E809405-9ECD-4FB3-AD31-35130C814AF9}.Debug|ARM.Build.0 = Debug|ARM
		{5E809405-9ECD-4FB3-AD31-35130C814AF9}.Debug|ARM.Deploy.0 = Debug|ARM
		{5E809405-9ECD-4FB3-AD31-35130C814AF9}.Debug|iPhone.ActiveCfg = Debug|Any CPU
		{5E809405-9ECD-4FB3-AD31-35130C814AF9}.Debug|iPhone.Build.0 = Debug|Any CPU
		{5E809405-9ECD-4FB3-AD31-35130C814AF9}.Debug|iPhone.Deploy.0 = Debug|Any CPU
		{5E809405-9ECD-4FB3-AD31-35130C814AF9}.Debug|iPhoneSimulator.ActiveCfg = Debug|Any CPU
		{5E809405-9ECD-4FB3-AD31-35130C814AF9}.Debug|iPhoneSimulator.Build.0 = Debug|Any CPU
		{5E809405-9ECD-4FB3-AD31-35130C814AF9}.Debug|iPhoneSimulator.Deploy.0 = Debug|Any CPU
		{5E809405-9ECD-4FB3-AD31-35130C814AF9}.Debug|x64.ActiveCfg = Debug|x64
		{5E809405-9ECD-4FB3-AD31-35130C814AF9}.Debug|x64.Build.0 = Debug|x64
		{5E809405-9ECD-4FB3-AD31-35130C814AF9}.Debug|x64.Deploy.0 = Debug|x64
		{5E809405-9ECD-4FB3-AD31-35130C814AF9}.Debug|x86.ActiveCfg = Debug|x86
		{5E809405-9ECD-4FB3-AD31-35130C814AF9}.Debug|x86.Build.0 = Debug|x86
		{5E809405-9ECD-4FB3-AD31-35130C814AF9}.Debug|x86.Deploy.0 = Debug|x86
		{5E809405-9ECD-4FB3-AD31-35130C814AF9}.Release|Any CPU.ActiveCfg = Release|Any CPU
		{5E809405-9ECD-4FB3-AD31-35130C814AF9}.Release|Any CPU.Build.0 = Release|Any CPU
		{5E809405-9ECD-4FB3-AD31-35130C814AF9}.Release|Any CPU.Deploy.0 = Release|Any CPU
		{5E809405-9ECD-4FB3-AD31-35130C814AF9}.Release|ARM.ActiveCfg = Release|ARM
		{5E809405-9ECD-4FB3-AD31-35130C814AF9}.Release|ARM.Build.0 = Release|ARM
		{5E809405-9ECD-4FB3-AD31-35130C814AF9}.Release|ARM.Deploy.0 = Release|ARM
		{5E809405-9ECD-4FB3-AD31-35130C814AF9}.Release|iPhone.ActiveCfg = Release|Any CPU
		{5E809405-9ECD-4FB3-AD31-35130C814AF9}.Release|iPhone.Build.0 = Release|Any CPU
		{5E809405-9ECD-4FB3-AD31-35130C814AF9}.Release|iPhone.Deploy.0 = Release|Any CPU
		{5E809405-9ECD-4FB3-AD31-35130C814AF9}.Release|iPhoneSimulator.ActiveCfg = Release|Any CPU
		{5E809405-9ECD-4FB3-AD31-35130C814AF9}.Release|iPhoneSimulator.Build.0 = Release|Any CPU
		{5E809405-9ECD-4FB3-AD31-35130C814AF9}.Release|iPhoneSimulator.Deploy.0 = Release|Any CPU
		{5E809405-9ECD-4FB3-AD31-35130C814AF9}.Release|x64.ActiveCfg = Release|x64
		{5E809405-9ECD-4FB3-AD31-35130C814AF9}.Release|x64.Build.0 = Release|x64
		{5E809405-9ECD-4FB3-AD31-35130C814AF9}.Release|x64.Deploy.0 = Release|x64
		{5E809405-9ECD-4FB3-AD31-35130C814AF9}.Release|x86.ActiveCfg = Release|x86
		{5E809405-9ECD-4FB3-AD31-35130C814AF9}.Release|x86.Build.0 = Release|x86
		{5E809405-9ECD-4FB3-AD31-35130C814AF9}.Release|x86.Deploy.0 = Release|x86
	EndGlobalSection
	GlobalSection(SolutionProperties) = preSolution
		HideSolutionNode = FALSE
	EndGlobalSection
EndGlobal
