
Microsoft Visual Studio Solution File, Format Version 12.00
# Visual Studio 14
VisualStudioVersion = 14.0.25420.1
MinimumVisualStudioVersion = 10.0.40219.1
Project("{FAE04EC0-301F-11D3-BF4B-00C04F79EFBC}") = "Navigation", "Navigation\Navigation\Navigation.csproj", "{D34A709B-64C5-41AA-9D22-EA1D66A315AA}"
EndProject
Project("{FAE04EC0-301F-11D3-BF4B-00C04F79EFBC}") = "Navigation.Droid", "Navigation\Navigation.Droid\Navigation.Droid.csproj", "{B3AA1230-58A1-454F-8BDD-DF3177212A39}"
EndProject
Project("{FAE04EC0-301F-11D3-BF4B-00C04F79EFBC}") = "Navigation.iOS", "Navigation\Navigation.iOS\Navigation.iOS.csproj", "{3783E082-739C-4E35-A357-618DAE5D56DB}"
EndProject
Project("{FAE04EC0-301F-11D3-BF4B-00C04F79EFBC}") = "Navigation.WinPhone", "Navigation\Navigation.WinPhone\Navigation.WinPhone.csproj", "{B106FB35-4A69-4631-B48D-7DB330ECCC8A}"
EndProject
Project("{FAE04EC0-301F-11D3-BF4B-00C04F79EFBC}") = "Navigation.UWP", "Navigation\Navigation.UWP\Navigation.UWP.csproj", "{CB353126-725E-4671-A0F8-5A56B33E6C50}"
EndProject
Project("{FAE04EC0-301F-11D3-BF4B-00C04F79EFBC}") = "Navigation.Windows", "Navigation\Navigation.Windows\Navigation.Windows.csproj", "{049427C0-8A21-459A-B05E-66B4BAD3FE67}"
EndProject
Global
	GlobalSection(SolutionConfigurationPlatforms) = preSolution
		Ad-Hoc|Any CPU = Ad-Hoc|Any CPU
		Ad-Hoc|ARM = Ad-Hoc|ARM
		Ad-Hoc|iPhone = Ad-Hoc|iPhone
		Ad-Hoc|iPhoneSimulator = Ad-Hoc|iPhoneSimulator
		Ad-Hoc|x64 = Ad-Hoc|x64
		Ad-Hoc|x86 = Ad-Hoc|x86
		AppStore|Any CPU = AppStore|Any CPU
		AppStore|ARM = AppStore|ARM
		AppStore|iPhone = AppStore|iPhone
		AppStore|iPhoneSimulator = AppStore|iPhoneSimulator
		AppStore|x64 = AppStore|x64
		AppStore|x86 = AppStore|x86
		Debug|Any CPU = Debug|Any CPU
		Debug|ARM = Debug|ARM
		Debug|iPhone = Debug|iPhone
		Debug|iPhoneSimulator = Debug|iPhoneSimulator
		Debug|x64 = Debug|x64
		Debug|x86 = Debug|x86
		Release|Any CPU = Release|Any CPU
		Release|ARM = Release|ARM
		Release|iPhone = Release|iPhone
		Release|iPhoneSimulator = Release|iPhoneSimulator
		Release|x64 = Release|x64
		Release|x86 = Release|x86
	EndGlobalSection
	GlobalSection(ProjectConfigurationPlatforms) = postSolution
		{D34A709B-64C5-41AA-9D22-EA1D66A315AA}.Ad-Hoc|Any CPU.ActiveCfg = Release|Any CPU
		{D34A709B-64C5-41AA-9D22-EA1D66A315AA}.Ad-Hoc|Any CPU.Build.0 = Release|Any CPU
		{D34A709B-64C5-41AA-9D22-EA1D66A315AA}.Ad-Hoc|ARM.ActiveCfg = Release|Any CPU
		{D34A709B-64C5-41AA-9D22-EA1D66A315AA}.Ad-Hoc|ARM.Build.0 = Release|Any CPU
		{D34A709B-64C5-41AA-9D22-EA1D66A315AA}.Ad-Hoc|iPhone.ActiveCfg = Release|Any CPU
		{D34A709B-64C5-41AA-9D22-EA1D66A315AA}.Ad-Hoc|iPhone.Build.0 = Release|Any CPU
		{D34A709B-64C5-41AA-9D22-EA1D66A315AA}.Ad-Hoc|iPhoneSimulator.ActiveCfg = Release|Any CPU
		{D34A709B-64C5-41AA-9D22-EA1D66A315AA}.Ad-Hoc|iPhoneSimulator.Build.0 = Release|Any CPU
		{D34A709B-64C5-41AA-9D22-EA1D66A315AA}.Ad-Hoc|x64.ActiveCfg = Release|Any CPU
		{D34A709B-64C5-41AA-9D22-EA1D66A315AA}.Ad-Hoc|x64.Build.0 = Release|Any CPU
		{D34A709B-64C5-41AA-9D22-EA1D66A315AA}.Ad-Hoc|x86.ActiveCfg = Release|Any CPU
		{D34A709B-64C5-41AA-9D22-EA1D66A315AA}.Ad-Hoc|x86.Build.0 = Release|Any CPU
		{D34A709B-64C5-41AA-9D22-EA1D66A315AA}.AppStore|Any CPU.ActiveCfg = Release|Any CPU
		{D34A709B-64C5-41AA-9D22-EA1D66A315AA}.AppStore|Any CPU.Build.0 = Release|Any CPU
		{D34A709B-64C5-41AA-9D22-EA1D66A315AA}.AppStore|ARM.ActiveCfg = Release|Any CPU
		{D34A709B-64C5-41AA-9D22-EA1D66A315AA}.AppStore|ARM.Build.0 = Release|Any CPU
		{D34A709B-64C5-41AA-9D22-EA1D66A315AA}.AppStore|iPhone.ActiveCfg = Release|Any CPU
		{D34A709B-64C5-41AA-9D22-EA1D66A315AA}.AppStore|iPhone.Build.0 = Release|Any CPU
		{D34A709B-64C5-41AA-9D22-EA1D66A315AA}.AppStore|iPhoneSimulator.ActiveCfg = Release|Any CPU
		{D34A709B-64C5-41AA-9D22-EA1D66A315AA}.AppStore|iPhoneSimulator.Build.0 = Release|Any CPU
		{D34A709B-64C5-41AA-9D22-EA1D66A315AA}.AppStore|x64.ActiveCfg = Release|Any CPU
		{D34A709B-64C5-41AA-9D22-EA1D66A315AA}.AppStore|x64.Build.0 = Release|Any CPU
		{D34A709B-64C5-41AA-9D22-EA1D66A315AA}.AppStore|x86.ActiveCfg = Release|Any CPU
		{D34A709B-64C5-41AA-9D22-EA1D66A315AA}.AppStore|x86.Build.0 = Release|Any CPU
		{D34A709B-64C5-41AA-9D22-EA1D66A315AA}.Debug|Any CPU.ActiveCfg = Debug|Any CPU
		{D34A709B-64C5-41AA-9D22-EA1D66A315AA}.Debug|Any CPU.Build.0 = Debug|Any CPU
		{D34A709B-64C5-41AA-9D22-EA1D66A315AA}.Debug|ARM.ActiveCfg = Debug|Any CPU
		{D34A709B-64C5-41AA-9D22-EA1D66A315AA}.Debug|ARM.Build.0 = Debug|Any CPU
		{D34A709B-64C5-41AA-9D22-EA1D66A315AA}.Debug|iPhone.ActiveCfg = Debug|Any CPU
		{D34A709B-64C5-41AA-9D22-EA1D66A315AA}.Debug|iPhone.Build.0 = Debug|Any CPU
		{D34A709B-64C5-41AA-9D22-EA1D66A315AA}.Debug|iPhoneSimulator.ActiveCfg = Debug|Any CPU
		{D34A709B-64C5-41AA-9D22-EA1D66A315AA}.Debug|iPhoneSimulator.Build.0 = Debug|Any CPU
		{D34A709B-64C5-41AA-9D22-EA1D66A315AA}.Debug|x64.ActiveCfg = Debug|Any CPU
		{D34A709B-64C5-41AA-9D22-EA1D66A315AA}.Debug|x64.Build.0 = Debug|Any CPU
		{D34A709B-64C5-41AA-9D22-EA1D66A315AA}.Debug|x86.ActiveCfg = Debug|Any CPU
		{D34A709B-64C5-41AA-9D22-EA1D66A315AA}.Debug|x86.Build.0 = Debug|Any CPU
		{D34A709B-64C5-41AA-9D22-EA1D66A315AA}.Release|Any CPU.ActiveCfg = Release|Any CPU
		{D34A709B-64C5-41AA-9D22-EA1D66A315AA}.Release|Any CPU.Build.0 = Release|Any CPU
		{D34A709B-64C5-41AA-9D22-EA1D66A315AA}.Release|ARM.ActiveCfg = Release|Any CPU
		{D34A709B-64C5-41AA-9D22-EA1D66A315AA}.Release|ARM.Build.0 = Release|Any CPU
		{D34A709B-64C5-41AA-9D22-EA1D66A315AA}.Release|iPhone.ActiveCfg = Release|Any CPU
		{D34A709B-64C5-41AA-9D22-EA1D66A315AA}.Release|iPhone.Build.0 = Release|Any CPU
		{D34A709B-64C5-41AA-9D22-EA1D66A315AA}.Release|iPhoneSimulator.ActiveCfg = Release|Any CPU
		{D34A709B-64C5-41AA-9D22-EA1D66A315AA}.Release|iPhoneSimulator.Build.0 = Release|Any CPU
		{D34A709B-64C5-41AA-9D22-EA1D66A315AA}.Release|x64.ActiveCfg = Release|Any CPU
		{D34A709B-64C5-41AA-9D22-EA1D66A315AA}.Release|x64.Build.0 = Release|Any CPU
		{D34A709B-64C5-41AA-9D22-EA1D66A315AA}.Release|x86.ActiveCfg = Release|Any CPU
		{D34A709B-64C5-41AA-9D22-EA1D66A315AA}.Release|x86.Build.0 = Release|Any CPU
		{B3AA1230-58A1-454F-8BDD-DF3177212A39}.Ad-Hoc|Any CPU.ActiveCfg = Release|Any CPU
		{B3AA1230-58A1-454F-8BDD-DF3177212A39}.Ad-Hoc|Any CPU.Build.0 = Release|Any CPU
		{B3AA1230-58A1-454F-8BDD-DF3177212A39}.Ad-Hoc|Any CPU.Deploy.0 = Release|Any CPU
		{B3AA1230-58A1-454F-8BDD-DF3177212A39}.Ad-Hoc|ARM.ActiveCfg = Release|Any CPU
		{B3AA1230-58A1-454F-8BDD-DF3177212A39}.Ad-Hoc|ARM.Build.0 = Release|Any CPU
		{B3AA1230-58A1-454F-8BDD-DF3177212A39}.Ad-Hoc|ARM.Deploy.0 = Release|Any CPU
		{B3AA1230-58A1-454F-8BDD-DF3177212A39}.Ad-Hoc|iPhone.ActiveCfg = Release|Any CPU
		{B3AA1230-58A1-454F-8BDD-DF3177212A39}.Ad-Hoc|iPhone.Build.0 = Release|Any CPU
		{B3AA1230-58A1-454F-8BDD-DF3177212A39}.Ad-Hoc|iPhone.Deploy.0 = Release|Any CPU
		{B3AA1230-58A1-454F-8BDD-DF3177212A39}.Ad-Hoc|iPhoneSimulator.ActiveCfg = Release|Any CPU
		{B3AA1230-58A1-454F-8BDD-DF3177212A39}.Ad-Hoc|iPhoneSimulator.Build.0 = Release|Any CPU
		{B3AA1230-58A1-454F-8BDD-DF3177212A39}.Ad-Hoc|iPhoneSimulator.Deploy.0 = Release|Any CPU
		{B3AA1230-58A1-454F-8BDD-DF3177212A39}.Ad-Hoc|x64.ActiveCfg = Release|Any CPU
		{B3AA1230-58A1-454F-8BDD-DF3177212A39}.Ad-Hoc|x64.Build.0 = Release|Any CPU
		{B3AA1230-58A1-454F-8BDD-DF3177212A39}.Ad-Hoc|x64.Deploy.0 = Release|Any CPU
		{B3AA1230-58A1-454F-8BDD-DF3177212A39}.Ad-Hoc|x86.ActiveCfg = Release|Any CPU
		{B3AA1230-58A1-454F-8BDD-DF3177212A39}.Ad-Hoc|x86.Build.0 = Release|Any CPU
		{B3AA1230-58A1-454F-8BDD-DF3177212A39}.Ad-Hoc|x86.Deploy.0 = Release|Any CPU
		{B3AA1230-58A1-454F-8BDD-DF3177212A39}.AppStore|Any CPU.ActiveCfg = Release|Any CPU
		{B3AA1230-58A1-454F-8BDD-DF3177212A39}.AppStore|Any CPU.Build.0 = Release|Any CPU
		{B3AA1230-58A1-454F-8BDD-DF3177212A39}.AppStore|Any CPU.Deploy.0 = Release|Any CPU
		{B3AA1230-58A1-454F-8BDD-DF3177212A39}.AppStore|ARM.ActiveCfg = Release|Any CPU
		{B3AA1230-58A1-454F-8BDD-DF3177212A39}.AppStore|ARM.Build.0 = Release|Any CPU
		{B3AA1230-58A1-454F-8BDD-DF3177212A39}.AppStore|ARM.Deploy.0 = Release|Any CPU
		{B3AA1230-58A1-454F-8BDD-DF3177212A39}.AppStore|iPhone.ActiveCfg = Release|Any CPU
		{B3AA1230-58A1-454F-8BDD-DF3177212A39}.AppStore|iPhone.Build.0 = Release|Any CPU
		{B3AA1230-58A1-454F-8BDD-DF3177212A39}.AppStore|iPhone.Deploy.0 = Release|Any CPU
		{B3AA1230-58A1-454F-8BDD-DF3177212A39}.AppStore|iPhoneSimulator.ActiveCfg = Release|Any CPU
		{B3AA1230-58A1-454F-8BDD-DF3177212A39}.AppStore|iPhoneSimulator.Build.0 = Release|Any CPU
		{B3AA1230-58A1-454F-8BDD-DF3177212A39}.AppStore|iPhoneSimulator.Deploy.0 = Release|Any CPU
		{B3AA1230-58A1-454F-8BDD-DF3177212A39}.AppStore|x64.ActiveCfg = Release|Any CPU
		{B3AA1230-58A1-454F-8BDD-DF3177212A39}.AppStore|x64.Build.0 = Release|Any CPU
		{B3AA1230-58A1-454F-8BDD-DF3177212A39}.AppStore|x64.Deploy.0 = Release|Any CPU
		{B3AA1230-58A1-454F-8BDD-DF3177212A39}.AppStore|x86.ActiveCfg = Release|Any CPU
		{B3AA1230-58A1-454F-8BDD-DF3177212A39}.AppStore|x86.Build.0 = Release|Any CPU
		{B3AA1230-58A1-454F-8BDD-DF3177212A39}.AppStore|x86.Deploy.0 = Release|Any CPU
		{B3AA1230-58A1-454F-8BDD-DF3177212A39}.Debug|Any CPU.ActiveCfg = Debug|Any CPU
		{B3AA1230-58A1-454F-8BDD-DF3177212A39}.Debug|Any CPU.Build.0 = Debug|Any CPU
		{B3AA1230-58A1-454F-8BDD-DF3177212A39}.Debug|Any CPU.Deploy.0 = Debug|Any CPU
		{B3AA1230-58A1-454F-8BDD-DF3177212A39}.Debug|ARM.ActiveCfg = Debug|Any CPU
		{B3AA1230-58A1-454F-8BDD-DF3177212A39}.Debug|ARM.Build.0 = Debug|Any CPU
		{B3AA1230-58A1-454F-8BDD-DF3177212A39}.Debug|ARM.Deploy.0 = Debug|Any CPU
		{B3AA1230-58A1-454F-8BDD-DF3177212A39}.Debug|iPhone.ActiveCfg = Debug|Any CPU
		{B3AA1230-58A1-454F-8BDD-DF3177212A39}.Debug|iPhone.Build.0 = Debug|Any CPU
		{B3AA1230-58A1-454F-8BDD-DF3177212A39}.Debug|iPhone.Deploy.0 = Debug|Any CPU
		{B3AA1230-58A1-454F-8BDD-DF3177212A39}.Debug|iPhoneSimulator.ActiveCfg = Debug|Any CPU
		{B3AA1230-58A1-454F-8BDD-DF3177212A39}.Debug|iPhoneSimulator.Build.0 = Debug|Any CPU
		{B3AA1230-58A1-454F-8BDD-DF3177212A39}.Debug|iPhoneSimulator.Deploy.0 = Debug|Any CPU
		{B3AA1230-58A1-454F-8BDD-DF3177212A39}.Debug|x64.ActiveCfg = Debug|Any CPU
		{B3AA1230-58A1-454F-8BDD-DF3177212A39}.Debug|x64.Build.0 = Debug|Any CPU
		{B3AA1230-58A1-454F-8BDD-DF3177212A39}.Debug|x64.Deploy.0 = Debug|Any CPU
		{B3AA1230-58A1-454F-8BDD-DF3177212A39}.Debug|x86.ActiveCfg = Debug|Any CPU
		{B3AA1230-58A1-454F-8BDD-DF3177212A39}.Debug|x86.Build.0 = Debug|Any CPU
		{B3AA1230-58A1-454F-8BDD-DF3177212A39}.Debug|x86.Deploy.0 = Debug|Any CPU
		{B3AA1230-58A1-454F-8BDD-DF3177212A39}.Release|Any CPU.ActiveCfg = Release|Any CPU
		{B3AA1230-58A1-454F-8BDD-DF3177212A39}.Release|Any CPU.Build.0 = Release|Any CPU
		{B3AA1230-58A1-454F-8BDD-DF3177212A39}.Release|Any CPU.Deploy.0 = Release|Any CPU
		{B3AA1230-58A1-454F-8BDD-DF3177212A39}.Release|ARM.ActiveCfg = Release|Any CPU
		{B3AA1230-58A1-454F-8BDD-DF3177212A39}.Release|ARM.Build.0 = Release|Any CPU
		{B3AA1230-58A1-454F-8BDD-DF3177212A39}.Release|ARM.Deploy.0 = Release|Any CPU
		{B3AA1230-58A1-454F-8BDD-DF3177212A39}.Release|iPhone.ActiveCfg = Release|Any CPU
		{B3AA1230-58A1-454F-8BDD-DF3177212A39}.Release|iPhone.Build.0 = Release|Any CPU
		{B3AA1230-58A1-454F-8BDD-DF3177212A39}.Release|iPhone.Deploy.0 = Release|Any CPU
		{B3AA1230-58A1-454F-8BDD-DF3177212A39}.Release|iPhoneSimulator.ActiveCfg = Release|Any CPU
		{B3AA1230-58A1-454F-8BDD-DF3177212A39}.Release|iPhoneSimulator.Build.0 = Release|Any CPU
		{B3AA1230-58A1-454F-8BDD-DF3177212A39}.Release|iPhoneSimulator.Deploy.0 = Release|Any CPU
		{B3AA1230-58A1-454F-8BDD-DF3177212A39}.Release|x64.ActiveCfg = Release|Any CPU
		{B3AA1230-58A1-454F-8BDD-DF3177212A39}.Release|x64.Build.0 = Release|Any CPU
		{B3AA1230-58A1-454F-8BDD-DF3177212A39}.Release|x64.Deploy.0 = Release|Any CPU
		{B3AA1230-58A1-454F-8BDD-DF3177212A39}.Release|x86.ActiveCfg = Release|Any CPU
		{B3AA1230-58A1-454F-8BDD-DF3177212A39}.Release|x86.Build.0 = Release|Any CPU
		{B3AA1230-58A1-454F-8BDD-DF3177212A39}.Release|x86.Deploy.0 = Release|Any CPU
		{3783E082-739C-4E35-A357-618DAE5D56DB}.Ad-Hoc|Any CPU.ActiveCfg = Ad-Hoc|iPhone
		{3783E082-739C-4E35-A357-618DAE5D56DB}.Ad-Hoc|ARM.ActiveCfg = Ad-Hoc|iPhone
		{3783E082-739C-4E35-A357-618DAE5D56DB}.Ad-Hoc|iPhone.ActiveCfg = Ad-Hoc|iPhone
		{3783E082-739C-4E35-A357-618DAE5D56DB}.Ad-Hoc|iPhone.Build.0 = Ad-Hoc|iPhone
		{3783E082-739C-4E35-A357-618DAE5D56DB}.Ad-Hoc|iPhoneSimulator.ActiveCfg = Ad-Hoc|iPhoneSimulator
		{3783E082-739C-4E35-A357-618DAE5D56DB}.Ad-Hoc|iPhoneSimulator.Build.0 = Ad-Hoc|iPhoneSimulator
		{3783E082-739C-4E35-A357-618DAE5D56DB}.Ad-Hoc|x64.ActiveCfg = Ad-Hoc|iPhone
		{3783E082-739C-4E35-A357-618DAE5D56DB}.Ad-Hoc|x86.ActiveCfg = Ad-Hoc|iPhone
		{3783E082-739C-4E35-A357-618DAE5D56DB}.AppStore|Any CPU.ActiveCfg = AppStore|iPhone
		{3783E082-739C-4E35-A357-618DAE5D56DB}.AppStore|ARM.ActiveCfg = AppStore|iPhone
		{3783E082-739C-4E35-A357-618DAE5D56DB}.AppStore|iPhone.ActiveCfg = AppStore|iPhone
		{3783E082-739C-4E35-A357-618DAE5D56DB}.AppStore|iPhone.Build.0 = AppStore|iPhone
		{3783E082-739C-4E35-A357-618DAE5D56DB}.AppStore|iPhoneSimulator.ActiveCfg = AppStore|iPhoneSimulator
		{3783E082-739C-4E35-A357-618DAE5D56DB}.AppStore|iPhoneSimulator.Build.0 = AppStore|iPhoneSimulator
		{3783E082-739C-4E35-A357-618DAE5D56DB}.AppStore|x64.ActiveCfg = AppStore|iPhone
		{3783E082-739C-4E35-A357-618DAE5D56DB}.AppStore|x86.ActiveCfg = AppStore|iPhone
		{3783E082-739C-4E35-A357-618DAE5D56DB}.Debug|Any CPU.ActiveCfg = Debug|iPhone
		{3783E082-739C-4E35-A357-618DAE5D56DB}.Debug|ARM.ActiveCfg = Debug|iPhone
		{3783E082-739C-4E35-A357-618DAE5D56DB}.Debug|iPhone.ActiveCfg = Debug|iPhone
		{3783E082-739C-4E35-A357-618DAE5D56DB}.Debug|iPhone.Build.0 = Debug|iPhone
		{3783E082-739C-4E35-A357-618DAE5D56DB}.Debug|iPhoneSimulator.ActiveCfg = Debug|iPhoneSimulator
		{3783E082-739C-4E35-A357-618DAE5D56DB}.Debug|iPhoneSimulator.Build.0 = Debug|iPhoneSimulator
		{3783E082-739C-4E35-A357-618DAE5D56DB}.Debug|x64.ActiveCfg = Debug|iPhone
		{3783E082-739C-4E35-A357-618DAE5D56DB}.Debug|x86.ActiveCfg = Debug|iPhone
		{3783E082-739C-4E35-A357-618DAE5D56DB}.Release|Any CPU.ActiveCfg = Release|iPhone
		{3783E082-739C-4E35-A357-618DAE5D56DB}.Release|ARM.ActiveCfg = Release|iPhone
		{3783E082-739C-4E35-A357-618DAE5D56DB}.Release|iPhone.ActiveCfg = Release|iPhone
		{3783E082-739C-4E35-A357-618DAE5D56DB}.Release|iPhone.Build.0 = Release|iPhone
		{3783E082-739C-4E35-A357-618DAE5D56DB}.Release|iPhoneSimulator.ActiveCfg = Release|iPhoneSimulator
		{3783E082-739C-4E35-A357-618DAE5D56DB}.Release|iPhoneSimulator.Build.0 = Release|iPhoneSimulator
		{3783E082-739C-4E35-A357-618DAE5D56DB}.Release|x64.ActiveCfg = Release|iPhone
		{3783E082-739C-4E35-A357-618DAE5D56DB}.Release|x86.ActiveCfg = Release|iPhone
		{B106FB35-4A69-4631-B48D-7DB330ECCC8A}.Ad-Hoc|Any CPU.ActiveCfg = Release|Any CPU
		{B106FB35-4A69-4631-B48D-7DB330ECCC8A}.Ad-Hoc|Any CPU.Build.0 = Release|Any CPU
		{B106FB35-4A69-4631-B48D-7DB330ECCC8A}.Ad-Hoc|Any CPU.Deploy.0 = Release|Any CPU
		{B106FB35-4A69-4631-B48D-7DB330ECCC8A}.Ad-Hoc|ARM.ActiveCfg = Release|ARM
		{B106FB35-4A69-4631-B48D-7DB330ECCC8A}.Ad-Hoc|ARM.Build.0 = Release|ARM
		{B106FB35-4A69-4631-B48D-7DB330ECCC8A}.Ad-Hoc|ARM.Deploy.0 = Release|ARM
		{B106FB35-4A69-4631-B48D-7DB330ECCC8A}.Ad-Hoc|iPhone.ActiveCfg = Release|Any CPU
		{B106FB35-4A69-4631-B48D-7DB330ECCC8A}.Ad-Hoc|iPhone.Build.0 = Release|Any CPU
		{B106FB35-4A69-4631-B48D-7DB330ECCC8A}.Ad-Hoc|iPhone.Deploy.0 = Release|Any CPU
		{B106FB35-4A69-4631-B48D-7DB330ECCC8A}.Ad-Hoc|iPhoneSimulator.ActiveCfg = Release|Any CPU
		{B106FB35-4A69-4631-B48D-7DB330ECCC8A}.Ad-Hoc|iPhoneSimulator.Build.0 = Release|Any CPU
		{B106FB35-4A69-4631-B48D-7DB330ECCC8A}.Ad-Hoc|iPhoneSimulator.Deploy.0 = Release|Any CPU
		{B106FB35-4A69-4631-B48D-7DB330ECCC8A}.Ad-Hoc|x64.ActiveCfg = Release|Any CPU
		{B106FB35-4A69-4631-B48D-7DB330ECCC8A}.Ad-Hoc|x64.Build.0 = Release|Any CPU
		{B106FB35-4A69-4631-B48D-7DB330ECCC8A}.Ad-Hoc|x64.Deploy.0 = Release|Any CPU
		{B106FB35-4A69-4631-B48D-7DB330ECCC8A}.Ad-Hoc|x86.ActiveCfg = Release|x86
		{B106FB35-4A69-4631-B48D-7DB330ECCC8A}.Ad-Hoc|x86.Build.0 = Release|x86
		{B106FB35-4A69-4631-B48D-7DB330ECCC8A}.Ad-Hoc|x86.Deploy.0 = Release|x86
		{B106FB35-4A69-4631-B48D-7DB330ECCC8A}.AppStore|Any CPU.ActiveCfg = Release|Any CPU
		{B106FB35-4A69-4631-B48D-7DB330ECCC8A}.AppStore|Any CPU.Build.0 = Release|Any CPU
		{B106FB35-4A69-4631-B48D-7DB330ECCC8A}.AppStore|Any CPU.Deploy.0 = Release|Any CPU
		{B106FB35-4A69-4631-B48D-7DB330ECCC8A}.AppStore|ARM.ActiveCfg = Release|ARM
		{B106FB35-4A69-4631-B48D-7DB330ECCC8A}.AppStore|ARM.Build.0 = Release|ARM
		{B106FB35-4A69-4631-B48D-7DB330ECCC8A}.AppStore|ARM.Deploy.0 = Release|ARM
		{B106FB35-4A69-4631-B48D-7DB330ECCC8A}.AppStore|iPhone.ActiveCfg = Release|Any CPU
		{B106FB35-4A69-4631-B48D-7DB330ECCC8A}.AppStore|iPhone.Build.0 = Release|Any CPU
		{B106FB35-4A69-4631-B48D-7DB330ECCC8A}.AppStore|iPhone.Deploy.0 = Release|Any CPU
		{B106FB35-4A69-4631-B48D-7DB330ECCC8A}.AppStore|iPhoneSimulator.ActiveCfg = Release|Any CPU
		{B106FB35-4A69-4631-B48D-7DB330ECCC8A}.AppStore|iPhoneSimulator.Build.0 = Release|Any CPU
		{B106FB35-4A69-4631-B48D-7DB330ECCC8A}.AppStore|iPhoneSimulator.Deploy.0 = Release|Any CPU
		{B106FB35-4A69-4631-B48D-7DB330ECCC8A}.AppStore|x64.ActiveCfg = Release|Any CPU
		{B106FB35-4A69-4631-B48D-7DB330ECCC8A}.AppStore|x64.Build.0 = Release|Any CPU
		{B106FB35-4A69-4631-B48D-7DB330ECCC8A}.AppStore|x64.Deploy.0 = Release|Any CPU
		{B106FB35-4A69-4631-B48D-7DB330ECCC8A}.AppStore|x86.ActiveCfg = Release|x86
		{B106FB35-4A69-4631-B48D-7DB330ECCC8A}.AppStore|x86.Build.0 = Release|x86
		{B106FB35-4A69-4631-B48D-7DB330ECCC8A}.AppStore|x86.Deploy.0 = Release|x86
		{B106FB35-4A69-4631-B48D-7DB330ECCC8A}.Debug|Any CPU.ActiveCfg = Debug|Any CPU
		{B106FB35-4A69-4631-B48D-7DB330ECCC8A}.Debug|Any CPU.Build.0 = Debug|Any CPU
		{B106FB35-4A69-4631-B48D-7DB330ECCC8A}.Debug|Any CPU.Deploy.0 = Debug|Any CPU
		{B106FB35-4A69-4631-B48D-7DB330ECCC8A}.Debug|ARM.ActiveCfg = Debug|ARM
		{B106FB35-4A69-4631-B48D-7DB330ECCC8A}.Debug|ARM.Build.0 = Debug|ARM
		{B106FB35-4A69-4631-B48D-7DB330ECCC8A}.Debug|ARM.Deploy.0 = Debug|ARM
		{B106FB35-4A69-4631-B48D-7DB330ECCC8A}.Debug|iPhone.ActiveCfg = Debug|Any CPU
		{B106FB35-4A69-4631-B48D-7DB330ECCC8A}.Debug|iPhone.Build.0 = Debug|Any CPU
		{B106FB35-4A69-4631-B48D-7DB330ECCC8A}.Debug|iPhone.Deploy.0 = Debug|Any CPU
		{B106FB35-4A69-4631-B48D-7DB330ECCC8A}.Debug|iPhoneSimulator.ActiveCfg = Debug|Any CPU
		{B106FB35-4A69-4631-B48D-7DB330ECCC8A}.Debug|iPhoneSimulator.Build.0 = Debug|Any CPU
		{B106FB35-4A69-4631-B48D-7DB330ECCC8A}.Debug|iPhoneSimulator.Deploy.0 = Debug|Any CPU
		{B106FB35-4A69-4631-B48D-7DB330ECCC8A}.Debug|x64.ActiveCfg = Debug|Any CPU
		{B106FB35-4A69-4631-B48D-7DB330ECCC8A}.Debug|x64.Build.0 = Debug|Any CPU
		{B106FB35-4A69-4631-B48D-7DB330ECCC8A}.Debug|x64.Deploy.0 = Debug|Any CPU
		{B106FB35-4A69-4631-B48D-7DB330ECCC8A}.Debug|x86.ActiveCfg = Debug|x86
		{B106FB35-4A69-4631-B48D-7DB330ECCC8A}.Debug|x86.Build.0 = Debug|x86
		{B106FB35-4A69-4631-B48D-7DB330ECCC8A}.Debug|x86.Deploy.0 = Debug|x86
		{B106FB35-4A69-4631-B48D-7DB330ECCC8A}.Release|Any CPU.ActiveCfg = Release|Any CPU
		{B106FB35-4A69-4631-B48D-7DB330ECCC8A}.Release|Any CPU.Build.0 = Release|Any CPU
		{B106FB35-4A69-4631-B48D-7DB330ECCC8A}.Release|Any CPU.Deploy.0 = Release|Any CPU
		{B106FB35-4A69-4631-B48D-7DB330ECCC8A}.Release|ARM.ActiveCfg = Release|ARM
		{B106FB35-4A69-4631-B48D-7DB330ECCC8A}.Release|ARM.Build.0 = Release|ARM
		{B106FB35-4A69-4631-B48D-7DB330ECCC8A}.Release|ARM.Deploy.0 = Release|ARM
		{B106FB35-4A69-4631-B48D-7DB330ECCC8A}.Release|iPhone.ActiveCfg = Release|Any CPU
		{B106FB35-4A69-4631-B48D-7DB330ECCC8A}.Release|iPhone.Build.0 = Release|Any CPU
		{B106FB35-4A69-4631-B48D-7DB330ECCC8A}.Release|iPhone.Deploy.0 = Release|Any CPU
		{B106FB35-4A69-4631-B48D-7DB330ECCC8A}.Release|iPhoneSimulator.ActiveCfg = Release|Any CPU
		{B106FB35-4A69-4631-B48D-7DB330ECCC8A}.Release|iPhoneSimulator.Build.0 = Release|Any CPU
		{B106FB35-4A69-4631-B48D-7DB330ECCC8A}.Release|iPhoneSimulator.Deploy.0 = Release|Any CPU
		{B106FB35-4A69-4631-B48D-7DB330ECCC8A}.Release|x64.ActiveCfg = Release|Any CPU
		{B106FB35-4A69-4631-B48D-7DB330ECCC8A}.Release|x64.Build.0 = Release|Any CPU
		{B106FB35-4A69-4631-B48D-7DB330ECCC8A}.Release|x64.Deploy.0 = Release|Any CPU
		{B106FB35-4A69-4631-B48D-7DB330ECCC8A}.Release|x86.ActiveCfg = Release|x86
		{B106FB35-4A69-4631-B48D-7DB330ECCC8A}.Release|x86.Build.0 = Release|x86
		{B106FB35-4A69-4631-B48D-7DB330ECCC8A}.Release|x86.Deploy.0 = Release|x86
		{CB353126-725E-4671-A0F8-5A56B33E6C50}.Ad-Hoc|Any CPU.ActiveCfg = Release|x86
		{CB353126-725E-4671-A0F8-5A56B33E6C50}.Ad-Hoc|Any CPU.Build.0 = Release|x86
		{CB353126-725E-4671-A0F8-5A56B33E6C50}.Ad-Hoc|Any CPU.Deploy.0 = Release|x86
		{CB353126-725E-4671-A0F8-5A56B33E6C50}.Ad-Hoc|ARM.ActiveCfg = Release|ARM
		{CB353126-725E-4671-A0F8-5A56B33E6C50}.Ad-Hoc|ARM.Build.0 = Release|ARM
		{CB353126-725E-4671-A0F8-5A56B33E6C50}.Ad-Hoc|ARM.Deploy.0 = Release|ARM
		{CB353126-725E-4671-A0F8-5A56B33E6C50}.Ad-Hoc|iPhone.ActiveCfg = Release|x86
		{CB353126-725E-4671-A0F8-5A56B33E6C50}.Ad-Hoc|iPhone.Build.0 = Release|x86
		{CB353126-725E-4671-A0F8-5A56B33E6C50}.Ad-Hoc|iPhone.Deploy.0 = Release|x86
		{CB353126-725E-4671-A0F8-5A56B33E6C50}.Ad-Hoc|iPhoneSimulator.ActiveCfg = Release|x86
		{CB353126-725E-4671-A0F8-5A56B33E6C50}.Ad-Hoc|iPhoneSimulator.Build.0 = Release|x86
		{CB353126-725E-4671-A0F8-5A56B33E6C50}.Ad-Hoc|iPhoneSimulator.Deploy.0 = Release|x86
		{CB353126-725E-4671-A0F8-5A56B33E6C50}.Ad-Hoc|x64.ActiveCfg = Release|x64
		{CB353126-725E-4671-A0F8-5A56B33E6C50}.Ad-Hoc|x64.Build.0 = Release|x64
		{CB353126-725E-4671-A0F8-5A56B33E6C50}.Ad-Hoc|x64.Deploy.0 = Release|x64
		{CB353126-725E-4671-A0F8-5A56B33E6C50}.Ad-Hoc|x86.ActiveCfg = Release|x86
		{CB353126-725E-4671-A0F8-5A56B33E6C50}.Ad-Hoc|x86.Build.0 = Release|x86
		{CB353126-725E-4671-A0F8-5A56B33E6C50}.Ad-Hoc|x86.Deploy.0 = Release|x86
		{CB353126-725E-4671-A0F8-5A56B33E6C50}.AppStore|Any CPU.ActiveCfg = Release|x86
		{CB353126-725E-4671-A0F8-5A56B33E6C50}.AppStore|Any CPU.Build.0 = Release|x86
		{CB353126-725E-4671-A0F8-5A56B33E6C50}.AppStore|Any CPU.Deploy.0 = Release|x86
		{CB353126-725E-4671-A0F8-5A56B33E6C50}.AppStore|ARM.ActiveCfg = Release|ARM
		{CB353126-725E-4671-A0F8-5A56B33E6C50}.AppStore|ARM.Build.0 = Release|ARM
		{CB353126-725E-4671-A0F8-5A56B33E6C50}.AppStore|ARM.Deploy.0 = Release|ARM
		{CB353126-725E-4671-A0F8-5A56B33E6C50}.AppStore|iPhone.ActiveCfg = Release|x86
		{CB353126-725E-4671-A0F8-5A56B33E6C50}.AppStore|iPhone.Build.0 = Release|x86
		{CB353126-725E-4671-A0F8-5A56B33E6C50}.AppStore|iPhone.Deploy.0 = Release|x86
		{CB353126-725E-4671-A0F8-5A56B33E6C50}.AppStore|iPhoneSimulator.ActiveCfg = Release|x86
		{CB353126-725E-4671-A0F8-5A56B33E6C50}.AppStore|iPhoneSimulator.Build.0 = Release|x86
		{CB353126-725E-4671-A0F8-5A56B33E6C50}.AppStore|iPhoneSimulator.Deploy.0 = Release|x86
		{CB353126-725E-4671-A0F8-5A56B33E6C50}.AppStore|x64.ActiveCfg = Release|x64
		{CB353126-725E-4671-A0F8-5A56B33E6C50}.AppStore|x64.Build.0 = Release|x64
		{CB353126-725E-4671-A0F8-5A56B33E6C50}.AppStore|x64.Deploy.0 = Release|x64
		{CB353126-725E-4671-A0F8-5A56B33E6C50}.AppStore|x86.ActiveCfg = Release|x86
		{CB353126-725E-4671-A0F8-5A56B33E6C50}.AppStore|x86.Build.0 = Release|x86
		{CB353126-725E-4671-A0F8-5A56B33E6C50}.AppStore|x86.Deploy.0 = Release|x86
		{CB353126-725E-4671-A0F8-5A56B33E6C50}.Debug|Any CPU.ActiveCfg = Debug|x86
		{CB353126-725E-4671-A0F8-5A56B33E6C50}.Debug|ARM.ActiveCfg = Debug|ARM
		{CB353126-725E-4671-A0F8-5A56B33E6C50}.Debug|ARM.Build.0 = Debug|ARM
		{CB353126-725E-4671-A0F8-5A56B33E6C50}.Debug|ARM.Deploy.0 = Debug|ARM
		{CB353126-725E-4671-A0F8-5A56B33E6C50}.Debug|iPhone.ActiveCfg = Debug|x86
		{CB353126-725E-4671-A0F8-5A56B33E6C50}.Debug|iPhoneSimulator.ActiveCfg = Debug|x86
		{CB353126-725E-4671-A0F8-5A56B33E6C50}.Debug|x64.ActiveCfg = Debug|x64
		{CB353126-725E-4671-A0F8-5A56B33E6C50}.Debug|x64.Build.0 = Debug|x64
		{CB353126-725E-4671-A0F8-5A56B33E6C50}.Debug|x64.Deploy.0 = Debug|x64
		{CB353126-725E-4671-A0F8-5A56B33E6C50}.Debug|x86.ActiveCfg = Debug|x86
		{CB353126-725E-4671-A0F8-5A56B33E6C50}.Debug|x86.Build.0 = Debug|x86
		{CB353126-725E-4671-A0F8-5A56B33E6C50}.Debug|x86.Deploy.0 = Debug|x86
		{CB353126-725E-4671-A0F8-5A56B33E6C50}.Release|Any CPU.ActiveCfg = Release|x86
		{CB353126-725E-4671-A0F8-5A56B33E6C50}.Release|ARM.ActiveCfg = Release|ARM
		{CB353126-725E-4671-A0F8-5A56B33E6C50}.Release|ARM.Build.0 = Release|ARM
		{CB353126-725E-4671-A0F8-5A56B33E6C50}.Release|ARM.Deploy.0 = Release|ARM
		{CB353126-725E-4671-A0F8-5A56B33E6C50}.Release|iPhone.ActiveCfg = Release|x86
		{CB353126-725E-4671-A0F8-5A56B33E6C50}.Release|iPhoneSimulator.ActiveCfg = Release|x86
		{CB353126-725E-4671-A0F8-5A56B33E6C50}.Release|x64.ActiveCfg = Release|x64
		{CB353126-725E-4671-A0F8-5A56B33E6C50}.Release|x64.Build.0 = Release|x64
		{CB353126-725E-4671-A0F8-5A56B33E6C50}.Release|x64.Deploy.0 = Release|x64
		{CB353126-725E-4671-A0F8-5A56B33E6C50}.Release|x86.ActiveCfg = Release|x86
		{CB353126-725E-4671-A0F8-5A56B33E6C50}.Release|x86.Build.0 = Release|x86
		{CB353126-725E-4671-A0F8-5A56B33E6C50}.Release|x86.Deploy.0 = Release|x86
		{049427C0-8A21-459A-B05E-66B4BAD3FE67}.Ad-Hoc|Any CPU.ActiveCfg = Release|Any CPU
		{049427C0-8A21-459A-B05E-66B4BAD3FE67}.Ad-Hoc|Any CPU.Build.0 = Release|Any CPU
		{049427C0-8A21-459A-B05E-66B4BAD3FE67}.Ad-Hoc|Any CPU.Deploy.0 = Release|Any CPU
		{049427C0-8A21-459A-B05E-66B4BAD3FE67}.Ad-Hoc|ARM.ActiveCfg = Release|ARM
		{049427C0-8A21-459A-B05E-66B4BAD3FE67}.Ad-Hoc|ARM.Build.0 = Release|ARM
		{049427C0-8A21-459A-B05E-66B4BAD3FE67}.Ad-Hoc|ARM.Deploy.0 = Release|ARM
		{049427C0-8A21-459A-B05E-66B4BAD3FE67}.Ad-Hoc|iPhone.ActiveCfg = Release|Any CPU
		{049427C0-8A21-459A-B05E-66B4BAD3FE67}.Ad-Hoc|iPhone.Build.0 = Release|Any CPU
		{049427C0-8A21-459A-B05E-66B4BAD3FE67}.Ad-Hoc|iPhone.Deploy.0 = Release|Any CPU
		{049427C0-8A21-459A-B05E-66B4BAD3FE67}.Ad-Hoc|iPhoneSimulator.ActiveCfg = Release|Any CPU
		{049427C0-8A21-459A-B05E-66B4BAD3FE67}.Ad-Hoc|iPhoneSimulator.Build.0 = Release|Any CPU
		{049427C0-8A21-459A-B05E-66B4BAD3FE67}.Ad-Hoc|iPhoneSimulator.Deploy.0 = Release|Any CPU
		{049427C0-8A21-459A-B05E-66B4BAD3FE67}.Ad-Hoc|x64.ActiveCfg = Release|x64
		{049427C0-8A21-459A-B05E-66B4BAD3FE67}.Ad-Hoc|x64.Build.0 = Release|x64
		{049427C0-8A21-459A-B05E-66B4BAD3FE67}.Ad-Hoc|x64.Deploy.0 = Release|x64
		{049427C0-8A21-459A-B05E-66B4BAD3FE67}.Ad-Hoc|x86.ActiveCfg = Release|x86
		{049427C0-8A21-459A-B05E-66B4BAD3FE67}.Ad-Hoc|x86.Build.0 = Release|x86
		{049427C0-8A21-459A-B05E-66B4BAD3FE67}.Ad-Hoc|x86.Deploy.0 = Release|x86
		{049427C0-8A21-459A-B05E-66B4BAD3FE67}.AppStore|Any CPU.ActiveCfg = Release|Any CPU
		{049427C0-8A21-459A-B05E-66B4BAD3FE67}.AppStore|Any CPU.Build.0 = Release|Any CPU
		{049427C0-8A21-459A-B05E-66B4BAD3FE67}.AppStore|Any CPU.Deploy.0 = Release|Any CPU
		{049427C0-8A21-459A-B05E-66B4BAD3FE67}.AppStore|ARM.ActiveCfg = Release|ARM
		{049427C0-8A21-459A-B05E-66B4BAD3FE67}.AppStore|ARM.Build.0 = Release|ARM
		{049427C0-8A21-459A-B05E-66B4BAD3FE67}.AppStore|ARM.Deploy.0 = Release|ARM
		{049427C0-8A21-459A-B05E-66B4BAD3FE67}.AppStore|iPhone.ActiveCfg = Release|Any CPU
		{049427C0-8A21-459A-B05E-66B4BAD3FE67}.AppStore|iPhone.Build.0 = Release|Any CPU
		{049427C0-8A21-459A-B05E-66B4BAD3FE67}.AppStore|iPhone.Deploy.0 = Release|Any CPU
		{049427C0-8A21-459A-B05E-66B4BAD3FE67}.AppStore|iPhoneSimulator.ActiveCfg = Release|Any CPU
		{049427C0-8A21-459A-B05E-66B4BAD3FE67}.AppStore|iPhoneSimulator.Build.0 = Release|Any CPU
		{049427C0-8A21-459A-B05E-66B4BAD3FE67}.AppStore|iPhoneSimulator.Deploy.0 = Release|Any CPU
		{049427C0-8A21-459A-B05E-66B4BAD3FE67}.AppStore|x64.ActiveCfg = Release|x64
		{049427C0-8A21-459A-B05E-66B4BAD3FE67}.AppStore|x64.Build.0 = Release|x64
		{049427C0-8A21-459A-B05E-66B4BAD3FE67}.AppStore|x64.Deploy.0 = Release|x64
		{049427C0-8A21-459A-B05E-66B4BAD3FE67}.AppStore|x86.ActiveCfg = Release|x86
		{049427C0-8A21-459A-B05E-66B4BAD3FE67}.AppStore|x86.Build.0 = Release|x86
		{049427C0-8A21-459A-B05E-66B4BAD3FE67}.AppStore|x86.Deploy.0 = Release|x86
		{049427C0-8A21-459A-B05E-66B4BAD3FE67}.Debug|Any CPU.ActiveCfg = Debug|Any CPU
		{049427C0-8A21-459A-B05E-66B4BAD3FE67}.Debug|Any CPU.Build.0 = Debug|Any CPU
		{049427C0-8A21-459A-B05E-66B4BAD3FE67}.Debug|Any CPU.Deploy.0 = Debug|Any CPU
		{049427C0-8A21-459A-B05E-66B4BAD3FE67}.Debug|ARM.ActiveCfg = Debug|ARM
		{049427C0-8A21-459A-B05E-66B4BAD3FE67}.Debug|ARM.Build.0 = Debug|ARM
		{049427C0-8A21-459A-B05E-66B4BAD3FE67}.Debug|ARM.Deploy.0 = Debug|ARM
		{049427C0-8A21-459A-B05E-66B4BAD3FE67}.Debug|iPhone.ActiveCfg = Debug|Any CPU
		{049427C0-8A21-459A-B05E-66B4BAD3FE67}.Debug|iPhone.Build.0 = Debug|Any CPU
		{049427C0-8A21-459A-B05E-66B4BAD3FE67}.Debug|iPhone.Deploy.0 = Debug|Any CPU
		{049427C0-8A21-459A-B05E-66B4BAD3FE67}.Debug|iPhoneSimulator.ActiveCfg = Debug|Any CPU
		{049427C0-8A21-459A-B05E-66B4BAD3FE67}.Debug|iPhoneSimulator.Build.0 = Debug|Any CPU
		{049427C0-8A21-459A-B05E-66B4BAD3FE67}.Debug|iPhoneSimulator.Deploy.0 = Debug|Any CPU
		{049427C0-8A21-459A-B05E-66B4BAD3FE67}.Debug|x64.ActiveCfg = Debug|x64
		{049427C0-8A21-459A-B05E-66B4BAD3FE67}.Debug|x64.Build.0 = Debug|x64
		{049427C0-8A21-459A-B05E-66B4BAD3FE67}.Debug|x64.Deploy.0 = Debug|x64
		{049427C0-8A21-459A-B05E-66B4BAD3FE67}.Debug|x86.ActiveCfg = Debug|x86
		{049427C0-8A21-459A-B05E-66B4BAD3FE67}.Debug|x86.Build.0 = Debug|x86
		{049427C0-8A21-459A-B05E-66B4BAD3FE67}.Debug|x86.Deploy.0 = Debug|x86
		{049427C0-8A21-459A-B05E-66B4BAD3FE67}.Release|Any CPU.ActiveCfg = Release|Any CPU
		{049427C0-8A21-459A-B05E-66B4BAD3FE67}.Release|Any CPU.Build.0 = Release|Any CPU
		{049427C0-8A21-459A-B05E-66B4BAD3FE67}.Release|Any CPU.Deploy.0 = Release|Any CPU
		{049427C0-8A21-459A-B05E-66B4BAD3FE67}.Release|ARM.ActiveCfg = Release|ARM
		{049427C0-8A21-459A-B05E-66B4BAD3FE67}.Release|ARM.Build.0 = Release|ARM
		{049427C0-8A21-459A-B05E-66B4BAD3FE67}.Release|ARM.Deploy.0 = Release|ARM
		{049427C0-8A21-459A-B05E-66B4BAD3FE67}.Release|iPhone.ActiveCfg = Release|Any CPU
		{049427C0-8A21-459A-B05E-66B4BAD3FE67}.Release|iPhone.Build.0 = Release|Any CPU
		{049427C0-8A21-459A-B05E-66B4BAD3FE67}.Release|iPhone.Deploy.0 = Release|Any CPU
		{049427C0-8A21-459A-B05E-66B4BAD3FE67}.Release|iPhoneSimulator.ActiveCfg = Release|Any CPU
		{049427C0-8A21-459A-B05E-66B4BAD3FE67}.Release|iPhoneSimulator.Build.0 = Release|Any CPU
		{049427C0-8A21-459A-B05E-66B4BAD3FE67}.Release|iPhoneSimulator.Deploy.0 = Release|Any CPU
		{049427C0-8A21-459A-B05E-66B4BAD3FE67}.Release|x64.ActiveCfg = Release|x64
		{049427C0-8A21-459A-B05E-66B4BAD3FE67}.Release|x64.Build.0 = Release|x64
		{049427C0-8A21-459A-B05E-66B4BAD3FE67}.Release|x64.Deploy.0 = Release|x64
		{049427C0-8A21-459A-B05E-66B4BAD3FE67}.Release|x86.ActiveCfg = Release|x86
		{049427C0-8A21-459A-B05E-66B4BAD3FE67}.Release|x86.Build.0 = Release|x86
		{049427C0-8A21-459A-B05E-66B4BAD3FE67}.Release|x86.Deploy.0 = Release|x86
	EndGlobalSection
	GlobalSection(SolutionProperties) = preSolution
		HideSolutionNode = FALSE
	EndGlobalSection
EndGlobal
